// !$*UTF8*$!
{
	archiveVersion = 1;
	classes = {
	};
	objectVersion = 46;
	objects = {

/* Begin PBXBuildFile section */
		D4195F6B1EA85496004A6302 /* backTableViewCell.m in Sources */ = {isa = PBXBuildFile; fileRef = D4195F6A1EA85496004A6302 /* backTableViewCell.m */; };
		D468FBDF1EAD8F4F0014DF9C /* bannerTableViewCell.m in Sources */ = {isa = PBXBuildFile; fileRef = D468FBDE1EAD8F4F0014DF9C /* bannerTableViewCell.m */; };
		D468FBE21EAD91430014DF9C /* KDCycleBannerView.m in Sources */ = {isa = PBXBuildFile; fileRef = D468FBE01EAD91430014DF9C /* KDCycleBannerView.m */; };
		D468FBE51EAD99D80014DF9C /* firstTableViewCell.m in Sources */ = {isa = PBXBuildFile; fileRef = D468FBE31EAD99D80014DF9C /* firstTableViewCell.m */; };
		D468FBEA1EADBB250014DF9C /* secondCollectionViewCell.m in Sources */ = {isa = PBXBuildFile; fileRef = D468FBE71EADBB250014DF9C /* secondCollectionViewCell.m */; };
		D468FBEB1EADBB250014DF9C /* secondTableViewCell.m in Sources */ = {isa = PBXBuildFile; fileRef = D468FBE91EADBB250014DF9C /* secondTableViewCell.m */; };
		D468FBF11EADC3D00014DF9C /* newsTableViewCell.m in Sources */ = {isa = PBXBuildFile; fileRef = D468FBF01EADC3D00014DF9C /* newsTableViewCell.m */; };
		D4BB74B41EAF31AC0040D270 /* SCNavTabBar.bundle in Resources */ = {isa = PBXBuildFile; fileRef = D4BB74AB1EAF31AC0040D270 /* SCNavTabBar.bundle */; };
		D4BB74B51EAF31AC0040D270 /* SCNavTabBarController.m in Sources */ = {isa = PBXBuildFile; fileRef = D4BB74AE1EAF31AC0040D270 /* SCNavTabBarController.m */; };
		D4BB74B61EAF31AC0040D270 /* SCNavTabBar.m in Sources */ = {isa = PBXBuildFile; fileRef = D4BB74B11EAF31AC0040D270 /* SCNavTabBar.m */; };
		D4BB74B71EAF31AC0040D270 /* SCPopView.m in Sources */ = {isa = PBXBuildFile; fileRef = D4BB74B31EAF31AC0040D270 /* SCPopView.m */; };
		D4BB74BA1EAF32260040D270 /* BaseBallViewController.m in Sources */ = {isa = PBXBuildFile; fileRef = D4BB74B91EAF32260040D270 /* BaseBallViewController.m */; };
		D4BB74BD1EAF33CC0040D270 /* SegmentViewController.m in Sources */ = {isa = PBXBuildFile; fileRef = D4BB74BC1EAF33CC0040D270 /* SegmentViewController.m */; };
		D4BC54A21EA480860053F89C /* main.m in Sources */ = {isa = PBXBuildFile; fileRef = D4BC54A11EA480860053F89C /* main.m */; };
		D4BC54A51EA480860053F89C /* AppDelegate.m in Sources */ = {isa = PBXBuildFile; fileRef = D4BC54A41EA480860053F89C /* AppDelegate.m */; };
		D4BC54A81EA480860053F89C /* ViewController.m in Sources */ = {isa = PBXBuildFile; fileRef = D4BC54A71EA480860053F89C /* ViewController.m */; };
		D4BC54AB1EA480860053F89C /* Main.storyboard in Resources */ = {isa = PBXBuildFile; fileRef = D4BC54A91EA480860053F89C /* Main.storyboard */; };
		D4BC54AD1EA480860053F89C /* Assets.xcassets in Resources */ = {isa = PBXBuildFile; fileRef = D4BC54AC1EA480860053F89C /* Assets.xcassets */; };
		D4BC54B01EA480860053F89C /* LaunchScreen.storyboard in Resources */ = {isa = PBXBuildFile; fileRef = D4BC54AE1EA480860053F89C /* LaunchScreen.storyboard */; };
		D4BC54BB1EA480860053F89C /* _____Tests.m in Sources */ = {isa = PBXBuildFile; fileRef = D4BC54BA1EA480860053F89C /* _____Tests.m */; };
		D4BC54C61EA480860053F89C /* _____UITests.m in Sources */ = {isa = PBXBuildFile; fileRef = D4BC54C51EA480860053F89C /* _____UITests.m */; };
		D4BC54E21EA480C50053F89C /* LeftSlideViewController.m in Sources */ = {isa = PBXBuildFile; fileRef = D4BC54D91EA480C50053F89C /* LeftSlideViewController.m */; };
		D4BC54E51EA480C50053F89C /* UIView_extra.m in Sources */ = {isa = PBXBuildFile; fileRef = D4BC54DF1EA480C50053F89C /* UIView_extra.m */; };
		D4BC54E81EA481280053F89C /* FirstViewController.m in Sources */ = {isa = PBXBuildFile; fileRef = D4BC54E71EA481280053F89C /* FirstViewController.m */; };
		D4BC54EE1EA483470053F89C /* secondViewController.m in Sources */ = {isa = PBXBuildFile; fileRef = D4BC54ED1EA483470053F89C /* secondViewController.m */; };
		D4BC54F11EA483F30053F89C /* ThirdViewController.m in Sources */ = {isa = PBXBuildFile; fileRef = D4BC54F01EA483F30053F89C /* ThirdViewController.m */; };
		D4BC54F41EA485020053F89C /* FourthViewController.m in Sources */ = {isa = PBXBuildFile; fileRef = D4BC54F31EA485020053F89C /* FourthViewController.m */; };
		D4BC54F71EA486540053F89C /* LeftSortsViewController.m in Sources */ = {isa = PBXBuildFile; fileRef = D4BC54F61EA486540053F89C /* LeftSortsViewController.m */; };
		D4BC54F91EA486A70053F89C /* leftbackiamge.png in Resources */ = {isa = PBXBuildFile; fileRef = D4BC54F81EA486A70053F89C /* leftbackiamge.png */; };
		D4BC55261EA4AD740053F89C /* IQNSArray+Sort.m in Sources */ = {isa = PBXBuildFile; fileRef = D4BC55041EA4AD740053F89C /* IQNSArray+Sort.m */; };
		D4BC55271EA4AD740053F89C /* IQUIScrollView+Additions.m in Sources */ = {isa = PBXBuildFile; fileRef = D4BC55061EA4AD740053F89C /* IQUIScrollView+Additions.m */; };
		D4BC55281EA4AD740053F89C /* IQUITextFieldView+Additions.m in Sources */ = {isa = PBXBuildFile; fileRef = D4BC55081EA4AD740053F89C /* IQUITextFieldView+Additions.m */; };
		D4BC55291EA4AD740053F89C /* IQUIView+Hierarchy.m in Sources */ = {isa = PBXBuildFile; fileRef = D4BC550A1EA4AD740053F89C /* IQUIView+Hierarchy.m */; };
		D4BC552A1EA4AD740053F89C /* IQUIViewController+Additions.m in Sources */ = {isa = PBXBuildFile; fileRef = D4BC550C1EA4AD740053F89C /* IQUIViewController+Additions.m */; };
		D4BC552B1EA4AD740053F89C /* IQUIWindow+Hierarchy.m in Sources */ = {isa = PBXBuildFile; fileRef = D4BC550E1EA4AD740053F89C /* IQUIWindow+Hierarchy.m */; };
		D4BC552C1EA4AD740053F89C /* IQKeyboardManager.m in Sources */ = {isa = PBXBuildFile; fileRef = D4BC55131EA4AD740053F89C /* IQKeyboardManager.m */; };
		D4BC552D1EA4AD740053F89C /* IQKeyboardReturnKeyHandler.m in Sources */ = {isa = PBXBuildFile; fileRef = D4BC55151EA4AD740053F89C /* IQKeyboardReturnKeyHandler.m */; };
		D4BC552E1EA4AD740053F89C /* IQTextView.m in Sources */ = {isa = PBXBuildFile; fileRef = D4BC55181EA4AD740053F89C /* IQTextView.m */; };
		D4BC552F1EA4AD740053F89C /* IQBarButtonItem.m in Sources */ = {isa = PBXBuildFile; fileRef = D4BC551B1EA4AD740053F89C /* IQBarButtonItem.m */; };
		D4BC55301EA4AD740053F89C /* IQPreviousNextView.m in Sources */ = {isa = PBXBuildFile; fileRef = D4BC551D1EA4AD740053F89C /* IQPreviousNextView.m */; };
		D4BC55311EA4AD740053F89C /* IQTitleBarButtonItem.m in Sources */ = {isa = PBXBuildFile; fileRef = D4BC551F1EA4AD740053F89C /* IQTitleBarButtonItem.m */; };
		D4BC55321EA4AD740053F89C /* IQToolbar.m in Sources */ = {isa = PBXBuildFile; fileRef = D4BC55211EA4AD740053F89C /* IQToolbar.m */; };
		D4BC55331EA4AD740053F89C /* IQUIView+IQKeyboardToolbar.m in Sources */ = {isa = PBXBuildFile; fileRef = D4BC55231EA4AD740053F89C /* IQUIView+IQKeyboardToolbar.m */; };
		D4BC55341EA4AD740053F89C /* IQKeyboardManager.bundle in Resources */ = {isa = PBXBuildFile; fileRef = D4BC55251EA4AD740053F89C /* IQKeyboardManager.bundle */; };
		D4C54B861EA7371300484CF3 /* MBProgressHUD+MJ.m in Sources */ = {isa = PBXBuildFile; fileRef = D4C54B821EA7371300484CF3 /* MBProgressHUD+MJ.m */; };
		D4C54B871EA7371300484CF3 /* MBProgressHUD.bundle in Resources */ = {isa = PBXBuildFile; fileRef = D4C54B831EA7371300484CF3 /* MBProgressHUD.bundle */; };
		D4C54B881EA7371300484CF3 /* MBProgressHUD.m in Sources */ = {isa = PBXBuildFile; fileRef = D4C54B851EA7371300484CF3 /* MBProgressHUD.m */; };
		D4C54B8B1EA73F1600484CF3 /* headerTableViewCell.m in Sources */ = {isa = PBXBuildFile; fileRef = D4C54B8A1EA73F1600484CF3 /* headerTableViewCell.m */; };
		D4C54B8E1EA742D200484CF3 /* walletTableViewCell.m in Sources */ = {isa = PBXBuildFile; fileRef = D4C54B8D1EA742D200484CF3 /* walletTableViewCell.m */; };
		D4C54B941EA7597300484CF3 /* OrderViewController.m in Sources */ = {isa = PBXBuildFile; fileRef = D4C54B931EA7597300484CF3 /* OrderViewController.m */; };
		D4DD3A8C1EA9A50A002FEA89 /* UIButton+LHButtonCategory.m in Sources */ = {isa = PBXBuildFile; fileRef = D4DD3A8B1EA9A50A002FEA89 /* UIButton+LHButtonCategory.m */; };
		D4DD3A931EA9A74A002FEA89 /* UILabel+LHLabelCategory.m in Sources */ = {isa = PBXBuildFile; fileRef = D4DD3A911EA9A74A002FEA89 /* UILabel+LHLabelCategory.m */; };
		D4DD3AB61EA9A7DA002FEA89 /* MKAnnotationView+WebCache.m in Sources */ = {isa = PBXBuildFile; fileRef = D4DD3A961EA9A7DA002FEA89 /* MKAnnotationView+WebCache.m */; };
		D4DD3AB71EA9A7DA002FEA89 /* NSData+ImageContentType.m in Sources */ = {isa = PBXBuildFile; fileRef = D4DD3A981EA9A7DA002FEA89 /* NSData+ImageContentType.m */; };
		D4DD3AB81EA9A7DA002FEA89 /* SDImageCache.m in Sources */ = {isa = PBXBuildFile; fileRef = D4DD3A9A1EA9A7DA002FEA89 /* SDImageCache.m */; };
		D4DD3AB91EA9A7DA002FEA89 /* SDWebImageCompat.m in Sources */ = {isa = PBXBuildFile; fileRef = D4DD3A9C1EA9A7DA002FEA89 /* SDWebImageCompat.m */; };
		D4DD3ABA1EA9A7DA002FEA89 /* SDWebImageDecoder.m in Sources */ = {isa = PBXBuildFile; fileRef = D4DD3A9E1EA9A7DA002FEA89 /* SDWebImageDecoder.m */; };
		D4DD3ABB1EA9A7DA002FEA89 /* SDWebImageDownloader.m in Sources */ = {isa = PBXBuildFile; fileRef = D4DD3AA01EA9A7DA002FEA89 /* SDWebImageDownloader.m */; };
		D4DD3ABC1EA9A7DA002FEA89 /* SDWebImageDownloaderOperation.m in Sources */ = {isa = PBXBuildFile; fileRef = D4DD3AA21EA9A7DA002FEA89 /* SDWebImageDownloaderOperation.m */; };
		D4DD3ABD1EA9A7DA002FEA89 /* SDWebImageManager.m in Sources */ = {isa = PBXBuildFile; fileRef = D4DD3AA41EA9A7DA002FEA89 /* SDWebImageManager.m */; };
		D4DD3ABE1EA9A7DA002FEA89 /* SDWebImagePrefetcher.m in Sources */ = {isa = PBXBuildFile; fileRef = D4DD3AA71EA9A7DA002FEA89 /* SDWebImagePrefetcher.m */; };
		D4DD3ABF1EA9A7DA002FEA89 /* UIButton+WebCache.m in Sources */ = {isa = PBXBuildFile; fileRef = D4DD3AA91EA9A7DA002FEA89 /* UIButton+WebCache.m */; };
		D4DD3AC01EA9A7DA002FEA89 /* UIImage+GIF.m in Sources */ = {isa = PBXBuildFile; fileRef = D4DD3AAB1EA9A7DA002FEA89 /* UIImage+GIF.m */; };
		D4DD3AC11EA9A7DA002FEA89 /* UIImage+MultiFormat.m in Sources */ = {isa = PBXBuildFile; fileRef = D4DD3AAD1EA9A7DA002FEA89 /* UIImage+MultiFormat.m */; };
		D4DD3AC21EA9A7DA002FEA89 /* UIImage+WebP.m in Sources */ = {isa = PBXBuildFile; fileRef = D4DD3AAF1EA9A7DA002FEA89 /* UIImage+WebP.m */; };
		D4DD3AC31EA9A7DA002FEA89 /* UIImageView+HighlightedWebCache.m in Sources */ = {isa = PBXBuildFile; fileRef = D4DD3AB11EA9A7DA002FEA89 /* UIImageView+HighlightedWebCache.m */; };
		D4DD3AC41EA9A7DA002FEA89 /* UIImageView+WebCache.m in Sources */ = {isa = PBXBuildFile; fileRef = D4DD3AB31EA9A7DA002FEA89 /* UIImageView+WebCache.m */; };
		D4DD3AC51EA9A7DA002FEA89 /* UIView+WebCacheOperation.m in Sources */ = {isa = PBXBuildFile; fileRef = D4DD3AB51EA9A7DA002FEA89 /* UIView+WebCacheOperation.m */; };
		D4DD3AEC1EA9A8B8002FEA89 /* AFHTTPSessionManager.m in Sources */ = {isa = PBXBuildFile; fileRef = D4DD3AC91EA9A8B8002FEA89 /* AFHTTPSessionManager.m */; };
		D4DD3AED1EA9A8B8002FEA89 /* AFNetworkReachabilityManager.m in Sources */ = {isa = PBXBuildFile; fileRef = D4DD3ACC1EA9A8B8002FEA89 /* AFNetworkReachabilityManager.m */; };
		D4DD3AEE1EA9A8B8002FEA89 /* AFSecurityPolicy.m in Sources */ = {isa = PBXBuildFile; fileRef = D4DD3ACE1EA9A8B8002FEA89 /* AFSecurityPolicy.m */; };
		D4DD3AEF1EA9A8B8002FEA89 /* AFURLRequestSerialization.m in Sources */ = {isa = PBXBuildFile; fileRef = D4DD3AD01EA9A8B8002FEA89 /* AFURLRequestSerialization.m */; };
		D4DD3AF01EA9A8B8002FEA89 /* AFURLResponseSerialization.m in Sources */ = {isa = PBXBuildFile; fileRef = D4DD3AD21EA9A8B8002FEA89 /* AFURLResponseSerialization.m */; };
		D4DD3AF11EA9A8B8002FEA89 /* AFURLSessionManager.m in Sources */ = {isa = PBXBuildFile; fileRef = D4DD3AD41EA9A8B8002FEA89 /* AFURLSessionManager.m */; };
		D4DD3AF21EA9A8B8002FEA89 /* LICENSE in Resources */ = {isa = PBXBuildFile; fileRef = D4DD3AD51EA9A8B8002FEA89 /* LICENSE */; };
		D4DD3AF31EA9A8B8002FEA89 /* README.md in Sources */ = {isa = PBXBuildFile; fileRef = D4DD3AD61EA9A8B8002FEA89 /* README.md */; };
		D4DD3AF41EA9A8B8002FEA89 /* AFAutoPurgingImageCache.m in Sources */ = {isa = PBXBuildFile; fileRef = D4DD3AD91EA9A8B8002FEA89 /* AFAutoPurgingImageCache.m */; };
		D4DD3AF51EA9A8B8002FEA89 /* AFImageDownloader.m in Sources */ = {isa = PBXBuildFile; fileRef = D4DD3ADB1EA9A8B8002FEA89 /* AFImageDownloader.m */; };
		D4DD3AF61EA9A8B8002FEA89 /* AFNetworkActivityIndicatorManager.m in Sources */ = {isa = PBXBuildFile; fileRef = D4DD3ADD1EA9A8B8002FEA89 /* AFNetworkActivityIndicatorManager.m */; };
		D4DD3AF71EA9A8B8002FEA89 /* UIActivityIndicatorView+AFNetworking.m in Sources */ = {isa = PBXBuildFile; fileRef = D4DD3ADF1EA9A8B8002FEA89 /* UIActivityIndicatorView+AFNetworking.m */; };
		D4DD3AF81EA9A8B8002FEA89 /* UIButton+AFNetworking.m in Sources */ = {isa = PBXBuildFile; fileRef = D4DD3AE11EA9A8B8002FEA89 /* UIButton+AFNetworking.m */; };
		D4DD3AF91EA9A8B8002FEA89 /* UIImageView+AFNetworking.m in Sources */ = {isa = PBXBuildFile; fileRef = D4DD3AE41EA9A8B8002FEA89 /* UIImageView+AFNetworking.m */; };
		D4DD3AFA1EA9A8B8002FEA89 /* UIProgressView+AFNetworking.m in Sources */ = {isa = PBXBuildFile; fileRef = D4DD3AE71EA9A8B8002FEA89 /* UIProgressView+AFNetworking.m */; };
		D4DD3AFB1EA9A8B8002FEA89 /* UIRefreshControl+AFNetworking.m in Sources */ = {isa = PBXBuildFile; fileRef = D4DD3AE91EA9A8B8002FEA89 /* UIRefreshControl+AFNetworking.m */; };
		D4DD3AFC1EA9A8B8002FEA89 /* UIWebView+AFNetworking.m in Sources */ = {isa = PBXBuildFile; fileRef = D4DD3AEB1EA9A8B8002FEA89 /* UIWebView+AFNetworking.m */; };
		D4DD3B0B1EA9E802002FEA89 /* Tools.m in Sources */ = {isa = PBXBuildFile; fileRef = D4DD3B0A1EA9E802002FEA89 /* Tools.m */; };
		D4EFD4711EA50007006A9B97 /* CCZTableButton.m in Sources */ = {isa = PBXBuildFile; fileRef = D4EFD4701EA50007006A9B97 /* CCZTableButton.m */; };
/* End PBXBuildFile section */

/* Begin PBXContainerItemProxy section */
		D4BC54B71EA480860053F89C /* PBXContainerItemProxy */ = {
			isa = PBXContainerItemProxy;
			containerPortal = D4BC54951EA480860053F89C /* Project object */;
			proxyType = 1;
			remoteGlobalIDString = D4BC549C1EA480860053F89C;
			remoteInfo = "吉林科技馆";
		};
		D4BC54C21EA480860053F89C /* PBXContainerItemProxy */ = {
			isa = PBXContainerItemProxy;
			containerPortal = D4BC54951EA480860053F89C /* Project object */;
			proxyType = 1;
			remoteGlobalIDString = D4BC549C1EA480860053F89C;
			remoteInfo = "吉林科技馆";
		};
/* End PBXContainerItemProxy section */

/* Begin PBXFileReference section */
		D4195F691EA85496004A6302 /* backTableViewCell.h */ = {isa = PBXFileReference; fileEncoding = 4; lastKnownFileType = sourcecode.c.h; path = backTableViewCell.h; sourceTree = "<group>"; };
		D4195F6A1EA85496004A6302 /* backTableViewCell.m */ = {isa = PBXFileReference; fileEncoding = 4; lastKnownFileType = sourcecode.c.objc; path = backTableViewCell.m; sourceTree = "<group>"; };
		D468FBDD1EAD8F4F0014DF9C /* bannerTableViewCell.h */ = {isa = PBXFileReference; fileEncoding = 4; lastKnownFileType = sourcecode.c.h; path = bannerTableViewCell.h; sourceTree = "<group>"; };
		D468FBDE1EAD8F4F0014DF9C /* bannerTableViewCell.m */ = {isa = PBXFileReference; fileEncoding = 4; lastKnownFileType = sourcecode.c.objc; path = bannerTableViewCell.m; sourceTree = "<group>"; };
		D468FBE01EAD91430014DF9C /* KDCycleBannerView.m */ = {isa = PBXFileReference; fileEncoding = 4; lastKnownFileType = sourcecode.c.objc; path = KDCycleBannerView.m; sourceTree = "<group>"; };
		D468FBE11EAD91430014DF9C /* KDCycleBannerView.h */ = {isa = PBXFileReference; fileEncoding = 4; lastKnownFileType = sourcecode.c.h; path = KDCycleBannerView.h; sourceTree = "<group>"; };
		D468FBE31EAD99D80014DF9C /* firstTableViewCell.m */ = {isa = PBXFileReference; fileEncoding = 4; lastKnownFileType = sourcecode.c.objc; path = firstTableViewCell.m; sourceTree = "<group>"; };
		D468FBE41EAD99D80014DF9C /* firstTableViewCell.h */ = {isa = PBXFileReference; fileEncoding = 4; lastKnownFileType = sourcecode.c.h; path = firstTableViewCell.h; sourceTree = "<group>"; };
		D468FBE61EADBB250014DF9C /* secondCollectionViewCell.h */ = {isa = PBXFileReference; fileEncoding = 4; lastKnownFileType = sourcecode.c.h; path = secondCollectionViewCell.h; sourceTree = "<group>"; };
		D468FBE71EADBB250014DF9C /* secondCollectionViewCell.m */ = {isa = PBXFileReference; fileEncoding = 4; lastKnownFileType = sourcecode.c.objc; path = secondCollectionViewCell.m; sourceTree = "<group>"; };
		D468FBE81EADBB250014DF9C /* secondTableViewCell.h */ = {isa = PBXFileReference; fileEncoding = 4; lastKnownFileType = sourcecode.c.h; path = secondTableViewCell.h; sourceTree = "<group>"; };
		D468FBE91EADBB250014DF9C /* secondTableViewCell.m */ = {isa = PBXFileReference; fileEncoding = 4; lastKnownFileType = sourcecode.c.objc; path = secondTableViewCell.m; sourceTree = "<group>"; };
		D468FBEF1EADC3D00014DF9C /* newsTableViewCell.h */ = {isa = PBXFileReference; fileEncoding = 4; lastKnownFileType = sourcecode.c.h; path = newsTableViewCell.h; sourceTree = "<group>"; };
		D468FBF01EADC3D00014DF9C /* newsTableViewCell.m */ = {isa = PBXFileReference; fileEncoding = 4; lastKnownFileType = sourcecode.c.objc; path = newsTableViewCell.m; sourceTree = "<group>"; };
		D4BB74AA1EAF31AC0040D270 /* CommonMacro.h */ = {isa = PBXFileReference; fileEncoding = 4; lastKnownFileType = sourcecode.c.h; path = CommonMacro.h; sourceTree = "<group>"; };
		D4BB74AB1EAF31AC0040D270 /* SCNavTabBar.bundle */ = {isa = PBXFileReference; lastKnownFileType = "wrapper.plug-in"; path = SCNavTabBar.bundle; sourceTree = "<group>"; };
		D4BB74AD1EAF31AC0040D270 /* SCNavTabBarController.h */ = {isa = PBXFileReference; fileEncoding = 4; lastKnownFileType = sourcecode.c.h; path = SCNavTabBarController.h; sourceTree = "<group>"; };
		D4BB74AE1EAF31AC0040D270 /* SCNavTabBarController.m */ = {isa = PBXFileReference; fileEncoding = 4; lastKnownFileType = sourcecode.c.objc; path = SCNavTabBarController.m; sourceTree = "<group>"; };
		D4BB74B01EAF31AC0040D270 /* SCNavTabBar.h */ = {isa = PBXFileReference; fileEncoding = 4; lastKnownFileType = sourcecode.c.h; path = SCNavTabBar.h; sourceTree = "<group>"; };
		D4BB74B11EAF31AC0040D270 /* SCNavTabBar.m */ = {isa = PBXFileReference; fileEncoding = 4; lastKnownFileType = sourcecode.c.objc; path = SCNavTabBar.m; sourceTree = "<group>"; };
		D4BB74B21EAF31AC0040D270 /* SCPopView.h */ = {isa = PBXFileReference; fileEncoding = 4; lastKnownFileType = sourcecode.c.h; path = SCPopView.h; sourceTree = "<group>"; };
		D4BB74B31EAF31AC0040D270 /* SCPopView.m */ = {isa = PBXFileReference; fileEncoding = 4; lastKnownFileType = sourcecode.c.objc; path = SCPopView.m; sourceTree = "<group>"; };
		D4BB74B81EAF32260040D270 /* BaseBallViewController.h */ = {isa = PBXFileReference; fileEncoding = 4; lastKnownFileType = sourcecode.c.h; path = BaseBallViewController.h; sourceTree = "<group>"; };
		D4BB74B91EAF32260040D270 /* BaseBallViewController.m */ = {isa = PBXFileReference; fileEncoding = 4; lastKnownFileType = sourcecode.c.objc; path = BaseBallViewController.m; sourceTree = "<group>"; };
		D4BB74BB1EAF33CC0040D270 /* SegmentViewController.h */ = {isa = PBXFileReference; fileEncoding = 4; lastKnownFileType = sourcecode.c.h; path = SegmentViewController.h; sourceTree = "<group>"; };
		D4BB74BC1EAF33CC0040D270 /* SegmentViewController.m */ = {isa = PBXFileReference; fileEncoding = 4; lastKnownFileType = sourcecode.c.objc; path = SegmentViewController.m; sourceTree = "<group>"; };
		D4BC549D1EA480860053F89C /* 吉林科技馆.app */ = {isa = PBXFileReference; explicitFileType = wrapper.application; includeInIndex = 0; path = "吉林科技馆.app"; sourceTree = BUILT_PRODUCTS_DIR; };
		D4BC54A11EA480860053F89C /* main.m */ = {isa = PBXFileReference; lastKnownFileType = sourcecode.c.objc; path = main.m; sourceTree = "<group>"; };
		D4BC54A31EA480860053F89C /* AppDelegate.h */ = {isa = PBXFileReference; lastKnownFileType = sourcecode.c.h; path = AppDelegate.h; sourceTree = "<group>"; };
		D4BC54A41EA480860053F89C /* AppDelegate.m */ = {isa = PBXFileReference; lastKnownFileType = sourcecode.c.objc; path = AppDelegate.m; sourceTree = "<group>"; };
		D4BC54A61EA480860053F89C /* ViewController.h */ = {isa = PBXFileReference; lastKnownFileType = sourcecode.c.h; path = ViewController.h; sourceTree = "<group>"; };
		D4BC54A71EA480860053F89C /* ViewController.m */ = {isa = PBXFileReference; lastKnownFileType = sourcecode.c.objc; path = ViewController.m; sourceTree = "<group>"; };
		D4BC54AA1EA480860053F89C /* Base */ = {isa = PBXFileReference; lastKnownFileType = file.storyboard; name = Base; path = Base.lproj/Main.storyboard; sourceTree = "<group>"; };
		D4BC54AC1EA480860053F89C /* Assets.xcassets */ = {isa = PBXFileReference; lastKnownFileType = folder.assetcatalog; path = Assets.xcassets; sourceTree = "<group>"; };
		D4BC54AF1EA480860053F89C /* Base */ = {isa = PBXFileReference; lastKnownFileType = file.storyboard; name = Base; path = Base.lproj/LaunchScreen.storyboard; sourceTree = "<group>"; };
		D4BC54B11EA480860053F89C /* Info.plist */ = {isa = PBXFileReference; lastKnownFileType = text.plist.xml; path = Info.plist; sourceTree = "<group>"; };
		D4BC54B61EA480860053F89C /* 吉林科技馆Tests.xctest */ = {isa = PBXFileReference; explicitFileType = wrapper.cfbundle; includeInIndex = 0; path = "吉林科技馆Tests.xctest"; sourceTree = BUILT_PRODUCTS_DIR; };
		D4BC54BA1EA480860053F89C /* _____Tests.m */ = {isa = PBXFileReference; lastKnownFileType = sourcecode.c.objc; path = "_____Tests.m"; sourceTree = "<group>"; };
		D4BC54BC1EA480860053F89C /* Info.plist */ = {isa = PBXFileReference; lastKnownFileType = text.plist.xml; path = Info.plist; sourceTree = "<group>"; };
		D4BC54C11EA480860053F89C /* 吉林科技馆UITests.xctest */ = {isa = PBXFileReference; explicitFileType = wrapper.cfbundle; includeInIndex = 0; path = "吉林科技馆UITests.xctest"; sourceTree = BUILT_PRODUCTS_DIR; };
		D4BC54C51EA480860053F89C /* _____UITests.m */ = {isa = PBXFileReference; lastKnownFileType = sourcecode.c.objc; path = "_____UITests.m"; sourceTree = "<group>"; };
		D4BC54C71EA480860053F89C /* Info.plist */ = {isa = PBXFileReference; lastKnownFileType = text.plist.xml; path = Info.plist; sourceTree = "<group>"; };
		D4BC54D81EA480C50053F89C /* LeftSlideViewController.h */ = {isa = PBXFileReference; fileEncoding = 4; lastKnownFileType = sourcecode.c.h; path = LeftSlideViewController.h; sourceTree = "<group>"; };
		D4BC54D91EA480C50053F89C /* LeftSlideViewController.m */ = {isa = PBXFileReference; fileEncoding = 4; lastKnownFileType = sourcecode.c.objc; path = LeftSlideViewController.m; sourceTree = "<group>"; };
		D4BC54DE1EA480C50053F89C /* UIView_extra.h */ = {isa = PBXFileReference; fileEncoding = 4; lastKnownFileType = sourcecode.c.h; path = UIView_extra.h; sourceTree = "<group>"; };
		D4BC54DF1EA480C50053F89C /* UIView_extra.m */ = {isa = PBXFileReference; fileEncoding = 4; lastKnownFileType = sourcecode.c.objc; path = UIView_extra.m; sourceTree = "<group>"; };
		D4BC54E61EA481280053F89C /* FirstViewController.h */ = {isa = PBXFileReference; fileEncoding = 4; lastKnownFileType = sourcecode.c.h; path = FirstViewController.h; sourceTree = "<group>"; };
		D4BC54E71EA481280053F89C /* FirstViewController.m */ = {isa = PBXFileReference; fileEncoding = 4; lastKnownFileType = sourcecode.c.objc; path = FirstViewController.m; sourceTree = "<group>"; };
		D4BC54EC1EA483470053F89C /* secondViewController.h */ = {isa = PBXFileReference; fileEncoding = 4; lastKnownFileType = sourcecode.c.h; path = secondViewController.h; sourceTree = "<group>"; };
		D4BC54ED1EA483470053F89C /* secondViewController.m */ = {isa = PBXFileReference; fileEncoding = 4; lastKnownFileType = sourcecode.c.objc; path = secondViewController.m; sourceTree = "<group>"; };
		D4BC54EF1EA483F30053F89C /* ThirdViewController.h */ = {isa = PBXFileReference; fileEncoding = 4; lastKnownFileType = sourcecode.c.h; path = ThirdViewController.h; sourceTree = "<group>"; };
		D4BC54F01EA483F30053F89C /* ThirdViewController.m */ = {isa = PBXFileReference; fileEncoding = 4; lastKnownFileType = sourcecode.c.objc; path = ThirdViewController.m; sourceTree = "<group>"; };
		D4BC54F21EA485020053F89C /* FourthViewController.h */ = {isa = PBXFileReference; fileEncoding = 4; lastKnownFileType = sourcecode.c.h; name = FourthViewController.h; path = LeftSlideViewController/FourthViewController.h; sourceTree = "<group>"; };
		D4BC54F31EA485020053F89C /* FourthViewController.m */ = {isa = PBXFileReference; fileEncoding = 4; lastKnownFileType = sourcecode.c.objc; name = FourthViewController.m; path = LeftSlideViewController/FourthViewController.m; sourceTree = "<group>"; };
		D4BC54F51EA486540053F89C /* LeftSortsViewController.h */ = {isa = PBXFileReference; fileEncoding = 4; lastKnownFileType = sourcecode.c.h; path = LeftSortsViewController.h; sourceTree = "<group>"; };
		D4BC54F61EA486540053F89C /* LeftSortsViewController.m */ = {isa = PBXFileReference; fileEncoding = 4; lastKnownFileType = sourcecode.c.objc; path = LeftSortsViewController.m; sourceTree = "<group>"; };
		D4BC54F81EA486A70053F89C /* leftbackiamge.png */ = {isa = PBXFileReference; lastKnownFileType = image.png; path = leftbackiamge.png; sourceTree = "<group>"; };
		D4BC54FF1EA4A5970053F89C /* Global.pch */ = {isa = PBXFileReference; lastKnownFileType = sourcecode.c.h; name = Global.pch; path = ../Global.pch; sourceTree = "<group>"; };
		D4BC55031EA4AD740053F89C /* IQNSArray+Sort.h */ = {isa = PBXFileReference; fileEncoding = 4; lastKnownFileType = sourcecode.c.h; path = "IQNSArray+Sort.h"; sourceTree = "<group>"; };
		D4BC55041EA4AD740053F89C /* IQNSArray+Sort.m */ = {isa = PBXFileReference; fileEncoding = 4; lastKnownFileType = sourcecode.c.objc; path = "IQNSArray+Sort.m"; sourceTree = "<group>"; };
		D4BC55051EA4AD740053F89C /* IQUIScrollView+Additions.h */ = {isa = PBXFileReference; fileEncoding = 4; lastKnownFileType = sourcecode.c.h; path = "IQUIScrollView+Additions.h"; sourceTree = "<group>"; };
		D4BC55061EA4AD740053F89C /* IQUIScrollView+Additions.m */ = {isa = PBXFileReference; fileEncoding = 4; lastKnownFileType = sourcecode.c.objc; path = "IQUIScrollView+Additions.m"; sourceTree = "<group>"; };
		D4BC55071EA4AD740053F89C /* IQUITextFieldView+Additions.h */ = {isa = PBXFileReference; fileEncoding = 4; lastKnownFileType = sourcecode.c.h; path = "IQUITextFieldView+Additions.h"; sourceTree = "<group>"; };
		D4BC55081EA4AD740053F89C /* IQUITextFieldView+Additions.m */ = {isa = PBXFileReference; fileEncoding = 4; lastKnownFileType = sourcecode.c.objc; path = "IQUITextFieldView+Additions.m"; sourceTree = "<group>"; };
		D4BC55091EA4AD740053F89C /* IQUIView+Hierarchy.h */ = {isa = PBXFileReference; fileEncoding = 4; lastKnownFileType = sourcecode.c.h; path = "IQUIView+Hierarchy.h"; sourceTree = "<group>"; };
		D4BC550A1EA4AD740053F89C /* IQUIView+Hierarchy.m */ = {isa = PBXFileReference; fileEncoding = 4; lastKnownFileType = sourcecode.c.objc; path = "IQUIView+Hierarchy.m"; sourceTree = "<group>"; };
		D4BC550B1EA4AD740053F89C /* IQUIViewController+Additions.h */ = {isa = PBXFileReference; fileEncoding = 4; lastKnownFileType = sourcecode.c.h; path = "IQUIViewController+Additions.h"; sourceTree = "<group>"; };
		D4BC550C1EA4AD740053F89C /* IQUIViewController+Additions.m */ = {isa = PBXFileReference; fileEncoding = 4; lastKnownFileType = sourcecode.c.objc; path = "IQUIViewController+Additions.m"; sourceTree = "<group>"; };
		D4BC550D1EA4AD740053F89C /* IQUIWindow+Hierarchy.h */ = {isa = PBXFileReference; fileEncoding = 4; lastKnownFileType = sourcecode.c.h; path = "IQUIWindow+Hierarchy.h"; sourceTree = "<group>"; };
		D4BC550E1EA4AD740053F89C /* IQUIWindow+Hierarchy.m */ = {isa = PBXFileReference; fileEncoding = 4; lastKnownFileType = sourcecode.c.objc; path = "IQUIWindow+Hierarchy.m"; sourceTree = "<group>"; };
		D4BC55101EA4AD740053F89C /* IQKeyboardManagerConstants.h */ = {isa = PBXFileReference; fileEncoding = 4; lastKnownFileType = sourcecode.c.h; path = IQKeyboardManagerConstants.h; sourceTree = "<group>"; };
		D4BC55111EA4AD740053F89C /* IQKeyboardManagerConstantsInternal.h */ = {isa = PBXFileReference; fileEncoding = 4; lastKnownFileType = sourcecode.c.h; path = IQKeyboardManagerConstantsInternal.h; sourceTree = "<group>"; };
		D4BC55121EA4AD740053F89C /* IQKeyboardManager.h */ = {isa = PBXFileReference; fileEncoding = 4; lastKnownFileType = sourcecode.c.h; path = IQKeyboardManager.h; sourceTree = "<group>"; };
		D4BC55131EA4AD740053F89C /* IQKeyboardManager.m */ = {isa = PBXFileReference; fileEncoding = 4; lastKnownFileType = sourcecode.c.objc; path = IQKeyboardManager.m; sourceTree = "<group>"; };
		D4BC55141EA4AD740053F89C /* IQKeyboardReturnKeyHandler.h */ = {isa = PBXFileReference; fileEncoding = 4; lastKnownFileType = sourcecode.c.h; path = IQKeyboardReturnKeyHandler.h; sourceTree = "<group>"; };
		D4BC55151EA4AD740053F89C /* IQKeyboardReturnKeyHandler.m */ = {isa = PBXFileReference; fileEncoding = 4; lastKnownFileType = sourcecode.c.objc; path = IQKeyboardReturnKeyHandler.m; sourceTree = "<group>"; };
		D4BC55171EA4AD740053F89C /* IQTextView.h */ = {isa = PBXFileReference; fileEncoding = 4; lastKnownFileType = sourcecode.c.h; path = IQTextView.h; sourceTree = "<group>"; };
		D4BC55181EA4AD740053F89C /* IQTextView.m */ = {isa = PBXFileReference; fileEncoding = 4; lastKnownFileType = sourcecode.c.objc; path = IQTextView.m; sourceTree = "<group>"; };
		D4BC551A1EA4AD740053F89C /* IQBarButtonItem.h */ = {isa = PBXFileReference; fileEncoding = 4; lastKnownFileType = sourcecode.c.h; path = IQBarButtonItem.h; sourceTree = "<group>"; };
		D4BC551B1EA4AD740053F89C /* IQBarButtonItem.m */ = {isa = PBXFileReference; fileEncoding = 4; lastKnownFileType = sourcecode.c.objc; path = IQBarButtonItem.m; sourceTree = "<group>"; };
		D4BC551C1EA4AD740053F89C /* IQPreviousNextView.h */ = {isa = PBXFileReference; fileEncoding = 4; lastKnownFileType = sourcecode.c.h; path = IQPreviousNextView.h; sourceTree = "<group>"; };
		D4BC551D1EA4AD740053F89C /* IQPreviousNextView.m */ = {isa = PBXFileReference; fileEncoding = 4; lastKnownFileType = sourcecode.c.objc; path = IQPreviousNextView.m; sourceTree = "<group>"; };
		D4BC551E1EA4AD740053F89C /* IQTitleBarButtonItem.h */ = {isa = PBXFileReference; fileEncoding = 4; lastKnownFileType = sourcecode.c.h; path = IQTitleBarButtonItem.h; sourceTree = "<group>"; };
		D4BC551F1EA4AD740053F89C /* IQTitleBarButtonItem.m */ = {isa = PBXFileReference; fileEncoding = 4; lastKnownFileType = sourcecode.c.objc; path = IQTitleBarButtonItem.m; sourceTree = "<group>"; };
		D4BC55201EA4AD740053F89C /* IQToolbar.h */ = {isa = PBXFileReference; fileEncoding = 4; lastKnownFileType = sourcecode.c.h; path = IQToolbar.h; sourceTree = "<group>"; };
		D4BC55211EA4AD740053F89C /* IQToolbar.m */ = {isa = PBXFileReference; fileEncoding = 4; lastKnownFileType = sourcecode.c.objc; path = IQToolbar.m; sourceTree = "<group>"; };
		D4BC55221EA4AD740053F89C /* IQUIView+IQKeyboardToolbar.h */ = {isa = PBXFileReference; fileEncoding = 4; lastKnownFileType = sourcecode.c.h; path = "IQUIView+IQKeyboardToolbar.h"; sourceTree = "<group>"; };
		D4BC55231EA4AD740053F89C /* IQUIView+IQKeyboardToolbar.m */ = {isa = PBXFileReference; fileEncoding = 4; lastKnownFileType = sourcecode.c.objc; path = "IQUIView+IQKeyboardToolbar.m"; sourceTree = "<group>"; };
		D4BC55251EA4AD740053F89C /* IQKeyboardManager.bundle */ = {isa = PBXFileReference; lastKnownFileType = "wrapper.plug-in"; path = IQKeyboardManager.bundle; sourceTree = "<group>"; };
		D4C54B811EA7371300484CF3 /* MBProgressHUD+MJ.h */ = {isa = PBXFileReference; fileEncoding = 4; lastKnownFileType = sourcecode.c.h; path = "MBProgressHUD+MJ.h"; sourceTree = "<group>"; };
		D4C54B821EA7371300484CF3 /* MBProgressHUD+MJ.m */ = {isa = PBXFileReference; fileEncoding = 4; lastKnownFileType = sourcecode.c.objc; path = "MBProgressHUD+MJ.m"; sourceTree = "<group>"; };
		D4C54B831EA7371300484CF3 /* MBProgressHUD.bundle */ = {isa = PBXFileReference; lastKnownFileType = "wrapper.plug-in"; path = MBProgressHUD.bundle; sourceTree = "<group>"; };
		D4C54B841EA7371300484CF3 /* MBProgressHUD.h */ = {isa = PBXFileReference; fileEncoding = 4; lastKnownFileType = sourcecode.c.h; path = MBProgressHUD.h; sourceTree = "<group>"; };
		D4C54B851EA7371300484CF3 /* MBProgressHUD.m */ = {isa = PBXFileReference; fileEncoding = 4; lastKnownFileType = sourcecode.c.objc; path = MBProgressHUD.m; sourceTree = "<group>"; };
		D4C54B891EA73F1600484CF3 /* headerTableViewCell.h */ = {isa = PBXFileReference; fileEncoding = 4; lastKnownFileType = sourcecode.c.h; path = headerTableViewCell.h; sourceTree = "<group>"; };
		D4C54B8A1EA73F1600484CF3 /* headerTableViewCell.m */ = {isa = PBXFileReference; fileEncoding = 4; lastKnownFileType = sourcecode.c.objc; path = headerTableViewCell.m; sourceTree = "<group>"; };
		D4C54B8C1EA742D200484CF3 /* walletTableViewCell.h */ = {isa = PBXFileReference; fileEncoding = 4; lastKnownFileType = sourcecode.c.h; path = walletTableViewCell.h; sourceTree = "<group>"; };
		D4C54B8D1EA742D200484CF3 /* walletTableViewCell.m */ = {isa = PBXFileReference; fileEncoding = 4; lastKnownFileType = sourcecode.c.objc; path = walletTableViewCell.m; sourceTree = "<group>"; };
		D4C54B921EA7597300484CF3 /* OrderViewController.h */ = {isa = PBXFileReference; fileEncoding = 4; lastKnownFileType = sourcecode.c.h; path = OrderViewController.h; sourceTree = "<group>"; };
		D4C54B931EA7597300484CF3 /* OrderViewController.m */ = {isa = PBXFileReference; fileEncoding = 4; lastKnownFileType = sourcecode.c.objc; path = OrderViewController.m; sourceTree = "<group>"; };
		D4DD3A8A1EA9A50A002FEA89 /* UIButton+LHButtonCategory.h */ = {isa = PBXFileReference; fileEncoding = 4; lastKnownFileType = sourcecode.c.h; path = "UIButton+LHButtonCategory.h"; sourceTree = "<group>"; };
		D4DD3A8B1EA9A50A002FEA89 /* UIButton+LHButtonCategory.m */ = {isa = PBXFileReference; fileEncoding = 4; lastKnownFileType = sourcecode.c.objc; path = "UIButton+LHButtonCategory.m"; sourceTree = "<group>"; };
		D4DD3A911EA9A74A002FEA89 /* UILabel+LHLabelCategory.m */ = {isa = PBXFileReference; fileEncoding = 4; lastKnownFileType = sourcecode.c.objc; path = "UILabel+LHLabelCategory.m"; sourceTree = "<group>"; };
		D4DD3A921EA9A74A002FEA89 /* UILabel+LHLabelCategory.h */ = {isa = PBXFileReference; fileEncoding = 4; lastKnownFileType = sourcecode.c.h; path = "UILabel+LHLabelCategory.h"; sourceTree = "<group>"; };
		D4DD3A951EA9A7DA002FEA89 /* MKAnnotationView+WebCache.h */ = {isa = PBXFileReference; fileEncoding = 4; lastKnownFileType = sourcecode.c.h; path = "MKAnnotationView+WebCache.h"; sourceTree = "<group>"; };
		D4DD3A961EA9A7DA002FEA89 /* MKAnnotationView+WebCache.m */ = {isa = PBXFileReference; fileEncoding = 4; lastKnownFileType = sourcecode.c.objc; path = "MKAnnotationView+WebCache.m"; sourceTree = "<group>"; };
		D4DD3A971EA9A7DA002FEA89 /* NSData+ImageContentType.h */ = {isa = PBXFileReference; fileEncoding = 4; lastKnownFileType = sourcecode.c.h; path = "NSData+ImageContentType.h"; sourceTree = "<group>"; };
		D4DD3A981EA9A7DA002FEA89 /* NSData+ImageContentType.m */ = {isa = PBXFileReference; fileEncoding = 4; lastKnownFileType = sourcecode.c.objc; path = "NSData+ImageContentType.m"; sourceTree = "<group>"; };
		D4DD3A991EA9A7DA002FEA89 /* SDImageCache.h */ = {isa = PBXFileReference; fileEncoding = 4; lastKnownFileType = sourcecode.c.h; path = SDImageCache.h; sourceTree = "<group>"; };
		D4DD3A9A1EA9A7DA002FEA89 /* SDImageCache.m */ = {isa = PBXFileReference; fileEncoding = 4; lastKnownFileType = sourcecode.c.objc; path = SDImageCache.m; sourceTree = "<group>"; };
		D4DD3A9B1EA9A7DA002FEA89 /* SDWebImageCompat.h */ = {isa = PBXFileReference; fileEncoding = 4; lastKnownFileType = sourcecode.c.h; path = SDWebImageCompat.h; sourceTree = "<group>"; };
		D4DD3A9C1EA9A7DA002FEA89 /* SDWebImageCompat.m */ = {isa = PBXFileReference; fileEncoding = 4; lastKnownFileType = sourcecode.c.objc; path = SDWebImageCompat.m; sourceTree = "<group>"; };
		D4DD3A9D1EA9A7DA002FEA89 /* SDWebImageDecoder.h */ = {isa = PBXFileReference; fileEncoding = 4; lastKnownFileType = sourcecode.c.h; path = SDWebImageDecoder.h; sourceTree = "<group>"; };
		D4DD3A9E1EA9A7DA002FEA89 /* SDWebImageDecoder.m */ = {isa = PBXFileReference; fileEncoding = 4; lastKnownFileType = sourcecode.c.objc; path = SDWebImageDecoder.m; sourceTree = "<group>"; };
		D4DD3A9F1EA9A7DA002FEA89 /* SDWebImageDownloader.h */ = {isa = PBXFileReference; fileEncoding = 4; lastKnownFileType = sourcecode.c.h; path = SDWebImageDownloader.h; sourceTree = "<group>"; };
		D4DD3AA01EA9A7DA002FEA89 /* SDWebImageDownloader.m */ = {isa = PBXFileReference; fileEncoding = 4; lastKnownFileType = sourcecode.c.objc; path = SDWebImageDownloader.m; sourceTree = "<group>"; };
		D4DD3AA11EA9A7DA002FEA89 /* SDWebImageDownloaderOperation.h */ = {isa = PBXFileReference; fileEncoding = 4; lastKnownFileType = sourcecode.c.h; path = SDWebImageDownloaderOperation.h; sourceTree = "<group>"; };
		D4DD3AA21EA9A7DA002FEA89 /* SDWebImageDownloaderOperation.m */ = {isa = PBXFileReference; fileEncoding = 4; lastKnownFileType = sourcecode.c.objc; path = SDWebImageDownloaderOperation.m; sourceTree = "<group>"; };
		D4DD3AA31EA9A7DA002FEA89 /* SDWebImageManager.h */ = {isa = PBXFileReference; fileEncoding = 4; lastKnownFileType = sourcecode.c.h; path = SDWebImageManager.h; sourceTree = "<group>"; };
		D4DD3AA41EA9A7DA002FEA89 /* SDWebImageManager.m */ = {isa = PBXFileReference; fileEncoding = 4; lastKnownFileType = sourcecode.c.objc; path = SDWebImageManager.m; sourceTree = "<group>"; };
		D4DD3AA51EA9A7DA002FEA89 /* SDWebImageOperation.h */ = {isa = PBXFileReference; fileEncoding = 4; lastKnownFileType = sourcecode.c.h; path = SDWebImageOperation.h; sourceTree = "<group>"; };
		D4DD3AA61EA9A7DA002FEA89 /* SDWebImagePrefetcher.h */ = {isa = PBXFileReference; fileEncoding = 4; lastKnownFileType = sourcecode.c.h; path = SDWebImagePrefetcher.h; sourceTree = "<group>"; };
		D4DD3AA71EA9A7DA002FEA89 /* SDWebImagePrefetcher.m */ = {isa = PBXFileReference; fileEncoding = 4; lastKnownFileType = sourcecode.c.objc; path = SDWebImagePrefetcher.m; sourceTree = "<group>"; };
		D4DD3AA81EA9A7DA002FEA89 /* UIButton+WebCache.h */ = {isa = PBXFileReference; fileEncoding = 4; lastKnownFileType = sourcecode.c.h; path = "UIButton+WebCache.h"; sourceTree = "<group>"; };
		D4DD3AA91EA9A7DA002FEA89 /* UIButton+WebCache.m */ = {isa = PBXFileReference; fileEncoding = 4; lastKnownFileType = sourcecode.c.objc; path = "UIButton+WebCache.m"; sourceTree = "<group>"; };
		D4DD3AAA1EA9A7DA002FEA89 /* UIImage+GIF.h */ = {isa = PBXFileReference; fileEncoding = 4; lastKnownFileType = sourcecode.c.h; path = "UIImage+GIF.h"; sourceTree = "<group>"; };
		D4DD3AAB1EA9A7DA002FEA89 /* UIImage+GIF.m */ = {isa = PBXFileReference; fileEncoding = 4; lastKnownFileType = sourcecode.c.objc; path = "UIImage+GIF.m"; sourceTree = "<group>"; };
		D4DD3AAC1EA9A7DA002FEA89 /* UIImage+MultiFormat.h */ = {isa = PBXFileReference; fileEncoding = 4; lastKnownFileType = sourcecode.c.h; path = "UIImage+MultiFormat.h"; sourceTree = "<group>"; };
		D4DD3AAD1EA9A7DA002FEA89 /* UIImage+MultiFormat.m */ = {isa = PBXFileReference; fileEncoding = 4; lastKnownFileType = sourcecode.c.objc; path = "UIImage+MultiFormat.m"; sourceTree = "<group>"; };
		D4DD3AAE1EA9A7DA002FEA89 /* UIImage+WebP.h */ = {isa = PBXFileReference; fileEncoding = 4; lastKnownFileType = sourcecode.c.h; path = "UIImage+WebP.h"; sourceTree = "<group>"; };
		D4DD3AAF1EA9A7DA002FEA89 /* UIImage+WebP.m */ = {isa = PBXFileReference; fileEncoding = 4; lastKnownFileType = sourcecode.c.objc; path = "UIImage+WebP.m"; sourceTree = "<group>"; };
		D4DD3AB01EA9A7DA002FEA89 /* UIImageView+HighlightedWebCache.h */ = {isa = PBXFileReference; fileEncoding = 4; lastKnownFileType = sourcecode.c.h; path = "UIImageView+HighlightedWebCache.h"; sourceTree = "<group>"; };
		D4DD3AB11EA9A7DA002FEA89 /* UIImageView+HighlightedWebCache.m */ = {isa = PBXFileReference; fileEncoding = 4; lastKnownFileType = sourcecode.c.objc; path = "UIImageView+HighlightedWebCache.m"; sourceTree = "<group>"; };
		D4DD3AB21EA9A7DA002FEA89 /* UIImageView+WebCache.h */ = {isa = PBXFileReference; fileEncoding = 4; lastKnownFileType = sourcecode.c.h; path = "UIImageView+WebCache.h"; sourceTree = "<group>"; };
		D4DD3AB31EA9A7DA002FEA89 /* UIImageView+WebCache.m */ = {isa = PBXFileReference; fileEncoding = 4; lastKnownFileType = sourcecode.c.objc; path = "UIImageView+WebCache.m"; sourceTree = "<group>"; };
		D4DD3AB41EA9A7DA002FEA89 /* UIView+WebCacheOperation.h */ = {isa = PBXFileReference; fileEncoding = 4; lastKnownFileType = sourcecode.c.h; path = "UIView+WebCacheOperation.h"; sourceTree = "<group>"; };
		D4DD3AB51EA9A7DA002FEA89 /* UIView+WebCacheOperation.m */ = {isa = PBXFileReference; fileEncoding = 4; lastKnownFileType = sourcecode.c.objc; path = "UIView+WebCacheOperation.m"; sourceTree = "<group>"; };
		D4DD3AC81EA9A8B8002FEA89 /* AFHTTPSessionManager.h */ = {isa = PBXFileReference; fileEncoding = 4; lastKnownFileType = sourcecode.c.h; path = AFHTTPSessionManager.h; sourceTree = "<group>"; };
		D4DD3AC91EA9A8B8002FEA89 /* AFHTTPSessionManager.m */ = {isa = PBXFileReference; fileEncoding = 4; lastKnownFileType = sourcecode.c.objc; path = AFHTTPSessionManager.m; sourceTree = "<group>"; };
		D4DD3ACA1EA9A8B8002FEA89 /* AFNetworking.h */ = {isa = PBXFileReference; fileEncoding = 4; lastKnownFileType = sourcecode.c.h; path = AFNetworking.h; sourceTree = "<group>"; };
		D4DD3ACB1EA9A8B8002FEA89 /* AFNetworkReachabilityManager.h */ = {isa = PBXFileReference; fileEncoding = 4; lastKnownFileType = sourcecode.c.h; path = AFNetworkReachabilityManager.h; sourceTree = "<group>"; };
		D4DD3ACC1EA9A8B8002FEA89 /* AFNetworkReachabilityManager.m */ = {isa = PBXFileReference; fileEncoding = 4; lastKnownFileType = sourcecode.c.objc; path = AFNetworkReachabilityManager.m; sourceTree = "<group>"; };
		D4DD3ACD1EA9A8B8002FEA89 /* AFSecurityPolicy.h */ = {isa = PBXFileReference; fileEncoding = 4; lastKnownFileType = sourcecode.c.h; path = AFSecurityPolicy.h; sourceTree = "<group>"; };
		D4DD3ACE1EA9A8B8002FEA89 /* AFSecurityPolicy.m */ = {isa = PBXFileReference; fileEncoding = 4; lastKnownFileType = sourcecode.c.objc; path = AFSecurityPolicy.m; sourceTree = "<group>"; };
		D4DD3ACF1EA9A8B8002FEA89 /* AFURLRequestSerialization.h */ = {isa = PBXFileReference; fileEncoding = 4; lastKnownFileType = sourcecode.c.h; path = AFURLRequestSerialization.h; sourceTree = "<group>"; };
		D4DD3AD01EA9A8B8002FEA89 /* AFURLRequestSerialization.m */ = {isa = PBXFileReference; fileEncoding = 4; lastKnownFileType = sourcecode.c.objc; path = AFURLRequestSerialization.m; sourceTree = "<group>"; };
		D4DD3AD11EA9A8B8002FEA89 /* AFURLResponseSerialization.h */ = {isa = PBXFileReference; fileEncoding = 4; lastKnownFileType = sourcecode.c.h; path = AFURLResponseSerialization.h; sourceTree = "<group>"; };
		D4DD3AD21EA9A8B8002FEA89 /* AFURLResponseSerialization.m */ = {isa = PBXFileReference; fileEncoding = 4; lastKnownFileType = sourcecode.c.objc; path = AFURLResponseSerialization.m; sourceTree = "<group>"; };
		D4DD3AD31EA9A8B8002FEA89 /* AFURLSessionManager.h */ = {isa = PBXFileReference; fileEncoding = 4; lastKnownFileType = sourcecode.c.h; path = AFURLSessionManager.h; sourceTree = "<group>"; };
		D4DD3AD41EA9A8B8002FEA89 /* AFURLSessionManager.m */ = {isa = PBXFileReference; fileEncoding = 4; lastKnownFileType = sourcecode.c.objc; path = AFURLSessionManager.m; sourceTree = "<group>"; };
		D4DD3AD51EA9A8B8002FEA89 /* LICENSE */ = {isa = PBXFileReference; fileEncoding = 4; lastKnownFileType = text; path = LICENSE; sourceTree = "<group>"; };
		D4DD3AD61EA9A8B8002FEA89 /* README.md */ = {isa = PBXFileReference; fileEncoding = 4; lastKnownFileType = net.daringfireball.markdown; path = README.md; sourceTree = "<group>"; };
		D4DD3AD81EA9A8B8002FEA89 /* AFAutoPurgingImageCache.h */ = {isa = PBXFileReference; fileEncoding = 4; lastKnownFileType = sourcecode.c.h; path = AFAutoPurgingImageCache.h; sourceTree = "<group>"; };
		D4DD3AD91EA9A8B8002FEA89 /* AFAutoPurgingImageCache.m */ = {isa = PBXFileReference; fileEncoding = 4; lastKnownFileType = sourcecode.c.objc; path = AFAutoPurgingImageCache.m; sourceTree = "<group>"; };
		D4DD3ADA1EA9A8B8002FEA89 /* AFImageDownloader.h */ = {isa = PBXFileReference; fileEncoding = 4; lastKnownFileType = sourcecode.c.h; path = AFImageDownloader.h; sourceTree = "<group>"; };
		D4DD3ADB1EA9A8B8002FEA89 /* AFImageDownloader.m */ = {isa = PBXFileReference; fileEncoding = 4; lastKnownFileType = sourcecode.c.objc; path = AFImageDownloader.m; sourceTree = "<group>"; };
		D4DD3ADC1EA9A8B8002FEA89 /* AFNetworkActivityIndicatorManager.h */ = {isa = PBXFileReference; fileEncoding = 4; lastKnownFileType = sourcecode.c.h; path = AFNetworkActivityIndicatorManager.h; sourceTree = "<group>"; };
		D4DD3ADD1EA9A8B8002FEA89 /* AFNetworkActivityIndicatorManager.m */ = {isa = PBXFileReference; fileEncoding = 4; lastKnownFileType = sourcecode.c.objc; path = AFNetworkActivityIndicatorManager.m; sourceTree = "<group>"; };
		D4DD3ADE1EA9A8B8002FEA89 /* UIActivityIndicatorView+AFNetworking.h */ = {isa = PBXFileReference; fileEncoding = 4; lastKnownFileType = sourcecode.c.h; path = "UIActivityIndicatorView+AFNetworking.h"; sourceTree = "<group>"; };
		D4DD3ADF1EA9A8B8002FEA89 /* UIActivityIndicatorView+AFNetworking.m */ = {isa = PBXFileReference; fileEncoding = 4; lastKnownFileType = sourcecode.c.objc; path = "UIActivityIndicatorView+AFNetworking.m"; sourceTree = "<group>"; };
		D4DD3AE01EA9A8B8002FEA89 /* UIButton+AFNetworking.h */ = {isa = PBXFileReference; fileEncoding = 4; lastKnownFileType = sourcecode.c.h; path = "UIButton+AFNetworking.h"; sourceTree = "<group>"; };
		D4DD3AE11EA9A8B8002FEA89 /* UIButton+AFNetworking.m */ = {isa = PBXFileReference; fileEncoding = 4; lastKnownFileType = sourcecode.c.objc; path = "UIButton+AFNetworking.m"; sourceTree = "<group>"; };
		D4DD3AE21EA9A8B8002FEA89 /* UIImage+AFNetworking.h */ = {isa = PBXFileReference; fileEncoding = 4; lastKnownFileType = sourcecode.c.h; path = "UIImage+AFNetworking.h"; sourceTree = "<group>"; };
		D4DD3AE31EA9A8B8002FEA89 /* UIImageView+AFNetworking.h */ = {isa = PBXFileReference; fileEncoding = 4; lastKnownFileType = sourcecode.c.h; path = "UIImageView+AFNetworking.h"; sourceTree = "<group>"; };
		D4DD3AE41EA9A8B8002FEA89 /* UIImageView+AFNetworking.m */ = {isa = PBXFileReference; fileEncoding = 4; lastKnownFileType = sourcecode.c.objc; path = "UIImageView+AFNetworking.m"; sourceTree = "<group>"; };
		D4DD3AE51EA9A8B8002FEA89 /* UIKit+AFNetworking.h */ = {isa = PBXFileReference; fileEncoding = 4; lastKnownFileType = sourcecode.c.h; path = "UIKit+AFNetworking.h"; sourceTree = "<group>"; };
		D4DD3AE61EA9A8B8002FEA89 /* UIProgressView+AFNetworking.h */ = {isa = PBXFileReference; fileEncoding = 4; lastKnownFileType = sourcecode.c.h; path = "UIProgressView+AFNetworking.h"; sourceTree = "<group>"; };
		D4DD3AE71EA9A8B8002FEA89 /* UIProgressView+AFNetworking.m */ = {isa = PBXFileReference; fileEncoding = 4; lastKnownFileType = sourcecode.c.objc; path = "UIProgressView+AFNetworking.m"; sourceTree = "<group>"; };
		D4DD3AE81EA9A8B8002FEA89 /* UIRefreshControl+AFNetworking.h */ = {isa = PBXFileReference; fileEncoding = 4; lastKnownFileType = sourcecode.c.h; path = "UIRefreshControl+AFNetworking.h"; sourceTree = "<group>"; };
		D4DD3AE91EA9A8B8002FEA89 /* UIRefreshControl+AFNetworking.m */ = {isa = PBXFileReference; fileEncoding = 4; lastKnownFileType = sourcecode.c.objc; path = "UIRefreshControl+AFNetworking.m"; sourceTree = "<group>"; };
		D4DD3AEA1EA9A8B8002FEA89 /* UIWebView+AFNetworking.h */ = {isa = PBXFileReference; fileEncoding = 4; lastKnownFileType = sourcecode.c.h; path = "UIWebView+AFNetworking.h"; sourceTree = "<group>"; };
		D4DD3AEB1EA9A8B8002FEA89 /* UIWebView+AFNetworking.m */ = {isa = PBXFileReference; fileEncoding = 4; lastKnownFileType = sourcecode.c.objc; path = "UIWebView+AFNetworking.m"; sourceTree = "<group>"; };
		D4DD3B091EA9E802002FEA89 /* Tools.h */ = {isa = PBXFileReference; fileEncoding = 4; lastKnownFileType = sourcecode.c.h; path = Tools.h; sourceTree = "<group>"; };
		D4DD3B0A1EA9E802002FEA89 /* Tools.m */ = {isa = PBXFileReference; fileEncoding = 4; lastKnownFileType = sourcecode.c.objc; path = Tools.m; sourceTree = "<group>"; };
		D4EFD46F1EA50007006A9B97 /* CCZTableButton.h */ = {isa = PBXFileReference; fileEncoding = 4; lastKnownFileType = sourcecode.c.h; path = CCZTableButton.h; sourceTree = "<group>"; };
		D4EFD4701EA50007006A9B97 /* CCZTableButton.m */ = {isa = PBXFileReference; fileEncoding = 4; lastKnownFileType = sourcecode.c.objc; path = CCZTableButton.m; sourceTree = "<group>"; };
/* End PBXFileReference section */

/* Begin PBXFrameworksBuildPhase section */
		D4BC549A1EA480860053F89C /* Frameworks */ = {
			isa = PBXFrameworksBuildPhase;
			buildActionMask = 2147483647;
			files = (
			);
			runOnlyForDeploymentPostprocessing = 0;
		};
		D4BC54B31EA480860053F89C /* Frameworks */ = {
			isa = PBXFrameworksBuildPhase;
			buildActionMask = 2147483647;
			files = (
			);
			runOnlyForDeploymentPostprocessing = 0;
		};
		D4BC54BE1EA480860053F89C /* Frameworks */ = {
			isa = PBXFrameworksBuildPhase;
			buildActionMask = 2147483647;
			files = (
			);
			runOnlyForDeploymentPostprocessing = 0;
		};
/* End PBXFrameworksBuildPhase section */

/* Begin PBXGroup section */
		D468FBEC1EADBB2C0014DF9C /* view */ = {
			isa = PBXGroup;
			children = (
				D468FBDD1EAD8F4F0014DF9C /* bannerTableViewCell.h */,
				D468FBDE1EAD8F4F0014DF9C /* bannerTableViewCell.m */,
				D468FBE41EAD99D80014DF9C /* firstTableViewCell.h */,
				D468FBE31EAD99D80014DF9C /* firstTableViewCell.m */,
				D468FBE81EADBB250014DF9C /* secondTableViewCell.h */,
				D468FBE91EADBB250014DF9C /* secondTableViewCell.m */,
				D468FBE61EADBB250014DF9C /* secondCollectionViewCell.h */,
				D468FBE71EADBB250014DF9C /* secondCollectionViewCell.m */,
				D468FBEF1EADC3D00014DF9C /* newsTableViewCell.h */,
				D468FBF01EADC3D00014DF9C /* newsTableViewCell.m */,
			);
			name = view;
			sourceTree = "<group>";
		};
		D468FBED1EADBB4D0014DF9C /* model */ = {
			isa = PBXGroup;
			children = (
			);
			name = model;
			sourceTree = "<group>";
		};
		D468FBEE1EADBB7A0014DF9C /* controller */ = {
			isa = PBXGroup;
			children = (
				D4BC54E61EA481280053F89C /* FirstViewController.h */,
				D4BC54E71EA481280053F89C /* FirstViewController.m */,
			);
			name = controller;
			sourceTree = "<group>";
		};
		D4BB74A81EAF317B0040D270 /* 滚动视图 */ = {
			isa = PBXGroup;
			children = (
				D468FBE11EAD91430014DF9C /* KDCycleBannerView.h */,
				D468FBE01EAD91430014DF9C /* KDCycleBannerView.m */,
			);
			name = "滚动视图";
			sourceTree = "<group>";
		};
		D4BB74A91EAF31AC0040D270 /* SCNavTabBar */ = {
			isa = PBXGroup;
			children = (
				D4BB74AA1EAF31AC0040D270 /* CommonMacro.h */,
				D4BB74AB1EAF31AC0040D270 /* SCNavTabBar.bundle */,
				D4BB74AC1EAF31AC0040D270 /* ViewControllers */,
				D4BB74AF1EAF31AC0040D270 /* Views */,
			);
			path = SCNavTabBar;
			sourceTree = "<group>";
		};
		D4BB74AC1EAF31AC0040D270 /* ViewControllers */ = {
			isa = PBXGroup;
			children = (
				D4BB74AD1EAF31AC0040D270 /* SCNavTabBarController.h */,
				D4BB74AE1EAF31AC0040D270 /* SCNavTabBarController.m */,
			);
			path = ViewControllers;
			sourceTree = "<group>";
		};
		D4BB74AF1EAF31AC0040D270 /* Views */ = {
			isa = PBXGroup;
			children = (
				D4BB74B01EAF31AC0040D270 /* SCNavTabBar.h */,
				D4BB74B11EAF31AC0040D270 /* SCNavTabBar.m */,
				D4BB74B21EAF31AC0040D270 /* SCPopView.h */,
				D4BB74B31EAF31AC0040D270 /* SCPopView.m */,
			);
			path = Views;
			sourceTree = "<group>";
		};
		D4BC54941EA480860053F89C = {
			isa = PBXGroup;
			children = (
				D4BC549F1EA480860053F89C /* 吉林科技馆 */,
				D4BC54B91EA480860053F89C /* 吉林科技馆Tests */,
				D4BC54C41EA480860053F89C /* 吉林科技馆UITests */,
				D4BC549E1EA480860053F89C /* Products */,
			);
			sourceTree = "<group>";
		};
		D4BC549E1EA480860053F89C /* Products */ = {
			isa = PBXGroup;
			children = (
				D4BC549D1EA480860053F89C /* 吉林科技馆.app */,
				D4BC54B61EA480860053F89C /* 吉林科技馆Tests.xctest */,
				D4BC54C11EA480860053F89C /* 吉林科技馆UITests.xctest */,
			);
			name = Products;
			sourceTree = "<group>";
		};
		D4BC549F1EA480860053F89C /* 吉林科技馆 */ = {
			isa = PBXGroup;
			children = (
				D4BC54A31EA480860053F89C /* AppDelegate.h */,
				D4BC54A41EA480860053F89C /* AppDelegate.m */,
				D4BC54D31EA480C50053F89C /* LeftSlideViewController */,
				D4BC54FE1EA4A2720053F89C /* 左视图 */,
				D4BC54FA1EA4A1640053F89C /* 首页 */,
				D4BC54FB1EA4A1960053F89C /* 展厅 */,
				D4BC54FC1EA4A1E40053F89C /* 预约 */,
				D4BC54FD1EA4A1FD0053F89C /* 个人 */,
				D4DD3A891EA9A4CE002FEA89 /* categorys */,
				D4BC55001EA4AD5D0053F89C /* Tools */,
				D4BC54FF1EA4A5970053F89C /* Global.pch */,
				D4BC54AC1EA480860053F89C /* Assets.xcassets */,
				D4BC54F81EA486A70053F89C /* leftbackiamge.png */,
				D4BC54AE1EA480860053F89C /* LaunchScreen.storyboard */,
				D4BC54B11EA480860053F89C /* Info.plist */,
				D4BC54A01EA480860053F89C /* Supporting Files */,
			);
			path = "吉林科技馆";
			sourceTree = "<group>";
		};
		D4BC54A01EA480860053F89C /* Supporting Files */ = {
			isa = PBXGroup;
			children = (
				D4BC54A61EA480860053F89C /* ViewController.h */,
				D4BC54A71EA480860053F89C /* ViewController.m */,
				D4BC54A91EA480860053F89C /* Main.storyboard */,
				D4BC54A11EA480860053F89C /* main.m */,
			);
			name = "Supporting Files";
			sourceTree = "<group>";
		};
		D4BC54B91EA480860053F89C /* 吉林科技馆Tests */ = {
			isa = PBXGroup;
			children = (
				D4BC54BA1EA480860053F89C /* _____Tests.m */,
				D4BC54BC1EA480860053F89C /* Info.plist */,
			);
			path = "吉林科技馆Tests";
			sourceTree = "<group>";
		};
		D4BC54C41EA480860053F89C /* 吉林科技馆UITests */ = {
			isa = PBXGroup;
			children = (
				D4BC54C51EA480860053F89C /* _____UITests.m */,
				D4BC54C71EA480860053F89C /* Info.plist */,
			);
			path = "吉林科技馆UITests";
			sourceTree = "<group>";
		};
		D4BC54D31EA480C50053F89C /* LeftSlideViewController */ = {
			isa = PBXGroup;
			children = (
				D4BC54D81EA480C50053F89C /* LeftSlideViewController.h */,
				D4BC54D91EA480C50053F89C /* LeftSlideViewController.m */,
				D4BC54DE1EA480C50053F89C /* UIView_extra.h */,
				D4BC54DF1EA480C50053F89C /* UIView_extra.m */,
			);
			path = LeftSlideViewController;
			sourceTree = "<group>";
		};
		D4BC54FA1EA4A1640053F89C /* 首页 */ = {
			isa = PBXGroup;
			children = (
				D468FBEE1EADBB7A0014DF9C /* controller */,
				D468FBEC1EADBB2C0014DF9C /* view */,
				D468FBED1EADBB4D0014DF9C /* model */,
			);
			name = "首页";
			sourceTree = "<group>";
		};
		D4BC54FB1EA4A1960053F89C /* 展厅 */ = {
			isa = PBXGroup;
			children = (
				D4BB74BB1EAF33CC0040D270 /* SegmentViewController.h */,
				D4BB74BC1EAF33CC0040D270 /* SegmentViewController.m */,
				D4BC54EC1EA483470053F89C /* secondViewController.h */,
				D4BC54ED1EA483470053F89C /* secondViewController.m */,
				D4BB74B81EAF32260040D270 /* BaseBallViewController.h */,
				D4BB74B91EAF32260040D270 /* BaseBallViewController.m */,
			);
			name = "展厅";
			sourceTree = "<group>";
		};
		D4BC54FC1EA4A1E40053F89C /* 预约 */ = {
			isa = PBXGroup;
			children = (
				D4BC54EF1EA483F30053F89C /* ThirdViewController.h */,
				D4BC54F01EA483F30053F89C /* ThirdViewController.m */,
			);
			name = "预约";
			sourceTree = "<group>";
		};
		D4BC54FD1EA4A1FD0053F89C /* 个人 */ = {
			isa = PBXGroup;
			children = (
				D4C54B8F1EA7499100484CF3 /* model */,
				D4C54B911EA749AA00484CF3 /* controller */,
				D4C54B901EA749A100484CF3 /* view */,
			);
			name = "个人";
			sourceTree = "<group>";
		};
		D4BC54FE1EA4A2720053F89C /* 左视图 */ = {
			isa = PBXGroup;
			children = (
				D4BC54F51EA486540053F89C /* LeftSortsViewController.h */,
				D4BC54F61EA486540053F89C /* LeftSortsViewController.m */,
			);
			name = "左视图";
			sourceTree = "<group>";
		};
		D4BC55001EA4AD5D0053F89C /* Tools */ = {
			isa = PBXGroup;
			children = (
				D4BB74A91EAF31AC0040D270 /* SCNavTabBar */,
				D4BB74A81EAF317B0040D270 /* 滚动视图 */,
				D4DD3AC61EA9A8B8002FEA89 /* AFNetworking */,
				D4DD3A941EA9A7DA002FEA89 /* SDWebImage */,
				D4DD3A8D1EA9A54F002FEA89 /* 菊花转 */,
				D4C54B801EA7371300484CF3 /* MBProgressHUD */,
				D4EFD46E1EA4FFED006A9B97 /* CCZTableButton */,
				D4BC55011EA4AD740053F89C /* IQKeyboardManager */,
				D4DD3B091EA9E802002FEA89 /* Tools.h */,
				D4DD3B0A1EA9E802002FEA89 /* Tools.m */,
			);
			name = Tools;
			path = ..;
			sourceTree = "<group>";
		};
		D4BC55011EA4AD740053F89C /* IQKeyboardManager */ = {
			isa = PBXGroup;
			children = (
				D4BC55021EA4AD740053F89C /* Categories */,
				D4BC550F1EA4AD740053F89C /* Constants */,
				D4BC55121EA4AD740053F89C /* IQKeyboardManager.h */,
				D4BC55131EA4AD740053F89C /* IQKeyboardManager.m */,
				D4BC55141EA4AD740053F89C /* IQKeyboardReturnKeyHandler.h */,
				D4BC55151EA4AD740053F89C /* IQKeyboardReturnKeyHandler.m */,
				D4BC55161EA4AD740053F89C /* IQTextView */,
				D4BC55191EA4AD740053F89C /* IQToolbar */,
				D4BC55241EA4AD740053F89C /* Resources */,
			);
			path = IQKeyboardManager;
			sourceTree = "<group>";
		};
		D4BC55021EA4AD740053F89C /* Categories */ = {
			isa = PBXGroup;
			children = (
				D4BC55031EA4AD740053F89C /* IQNSArray+Sort.h */,
				D4BC55041EA4AD740053F89C /* IQNSArray+Sort.m */,
				D4BC55051EA4AD740053F89C /* IQUIScrollView+Additions.h */,
				D4BC55061EA4AD740053F89C /* IQUIScrollView+Additions.m */,
				D4BC55071EA4AD740053F89C /* IQUITextFieldView+Additions.h */,
				D4BC55081EA4AD740053F89C /* IQUITextFieldView+Additions.m */,
				D4BC55091EA4AD740053F89C /* IQUIView+Hierarchy.h */,
				D4BC550A1EA4AD740053F89C /* IQUIView+Hierarchy.m */,
				D4BC550B1EA4AD740053F89C /* IQUIViewController+Additions.h */,
				D4BC550C1EA4AD740053F89C /* IQUIViewController+Additions.m */,
				D4BC550D1EA4AD740053F89C /* IQUIWindow+Hierarchy.h */,
				D4BC550E1EA4AD740053F89C /* IQUIWindow+Hierarchy.m */,
			);
			path = Categories;
			sourceTree = "<group>";
		};
		D4BC550F1EA4AD740053F89C /* Constants */ = {
			isa = PBXGroup;
			children = (
				D4BC55101EA4AD740053F89C /* IQKeyboardManagerConstants.h */,
				D4BC55111EA4AD740053F89C /* IQKeyboardManagerConstantsInternal.h */,
			);
			path = Constants;
			sourceTree = "<group>";
		};
		D4BC55161EA4AD740053F89C /* IQTextView */ = {
			isa = PBXGroup;
			children = (
				D4BC55171EA4AD740053F89C /* IQTextView.h */,
				D4BC55181EA4AD740053F89C /* IQTextView.m */,
			);
			path = IQTextView;
			sourceTree = "<group>";
		};
		D4BC55191EA4AD740053F89C /* IQToolbar */ = {
			isa = PBXGroup;
			children = (
				D4BC551A1EA4AD740053F89C /* IQBarButtonItem.h */,
				D4BC551B1EA4AD740053F89C /* IQBarButtonItem.m */,
				D4BC551C1EA4AD740053F89C /* IQPreviousNextView.h */,
				D4BC551D1EA4AD740053F89C /* IQPreviousNextView.m */,
				D4BC551E1EA4AD740053F89C /* IQTitleBarButtonItem.h */,
				D4BC551F1EA4AD740053F89C /* IQTitleBarButtonItem.m */,
				D4BC55201EA4AD740053F89C /* IQToolbar.h */,
				D4BC55211EA4AD740053F89C /* IQToolbar.m */,
				D4BC55221EA4AD740053F89C /* IQUIView+IQKeyboardToolbar.h */,
				D4BC55231EA4AD740053F89C /* IQUIView+IQKeyboardToolbar.m */,
			);
			path = IQToolbar;
			sourceTree = "<group>";
		};
		D4BC55241EA4AD740053F89C /* Resources */ = {
			isa = PBXGroup;
			children = (
				D4BC55251EA4AD740053F89C /* IQKeyboardManager.bundle */,
			);
			path = Resources;
			sourceTree = "<group>";
		};
		D4C54B801EA7371300484CF3 /* MBProgressHUD */ = {
			isa = PBXGroup;
			children = (
				D4C54B811EA7371300484CF3 /* MBProgressHUD+MJ.h */,
				D4C54B821EA7371300484CF3 /* MBProgressHUD+MJ.m */,
				D4C54B831EA7371300484CF3 /* MBProgressHUD.bundle */,
				D4C54B841EA7371300484CF3 /* MBProgressHUD.h */,
				D4C54B851EA7371300484CF3 /* MBProgressHUD.m */,
			);
			path = MBProgressHUD;
			sourceTree = "<group>";
		};
		D4C54B8F1EA7499100484CF3 /* model */ = {
			isa = PBXGroup;
			children = (
			);
			name = model;
			sourceTree = "<group>";
		};
		D4C54B901EA749A100484CF3 /* view */ = {
			isa = PBXGroup;
			children = (
				D4C54B891EA73F1600484CF3 /* headerTableViewCell.h */,
				D4C54B8A1EA73F1600484CF3 /* headerTableViewCell.m */,
				D4C54B8C1EA742D200484CF3 /* walletTableViewCell.h */,
				D4C54B8D1EA742D200484CF3 /* walletTableViewCell.m */,
				D4195F691EA85496004A6302 /* backTableViewCell.h */,
				D4195F6A1EA85496004A6302 /* backTableViewCell.m */,
			);
			name = view;
			sourceTree = "<group>";
		};
		D4C54B911EA749AA00484CF3 /* controller */ = {
			isa = PBXGroup;
			children = (
				D4BC54F21EA485020053F89C /* FourthViewController.h */,
				D4BC54F31EA485020053F89C /* FourthViewController.m */,
				D4C54B921EA7597300484CF3 /* OrderViewController.h */,
				D4C54B931EA7597300484CF3 /* OrderViewController.m */,
			);
			name = controller;
			sourceTree = "<group>";
		};
		D4DD3A891EA9A4CE002FEA89 /* categorys */ = {
			isa = PBXGroup;
			children = (
				D4DD3A8A1EA9A50A002FEA89 /* UIButton+LHButtonCategory.h */,
				D4DD3A8B1EA9A50A002FEA89 /* UIButton+LHButtonCategory.m */,
				D4DD3A911EA9A74A002FEA89 /* UILabel+LHLabelCategory.m */,
				D4DD3A921EA9A74A002FEA89 /* UILabel+LHLabelCategory.h */,
			);
			name = categorys;
			path = ..;
			sourceTree = "<group>";
		};
		D4DD3A8D1EA9A54F002FEA89 /* 菊花转 */ = {
			isa = PBXGroup;
			children = (
			);
			name = "菊花转";
			sourceTree = "<group>";
		};
		D4DD3A941EA9A7DA002FEA89 /* SDWebImage */ = {
			isa = PBXGroup;
			children = (
				D4DD3A951EA9A7DA002FEA89 /* MKAnnotationView+WebCache.h */,
				D4DD3A961EA9A7DA002FEA89 /* MKAnnotationView+WebCache.m */,
				D4DD3A971EA9A7DA002FEA89 /* NSData+ImageContentType.h */,
				D4DD3A981EA9A7DA002FEA89 /* NSData+ImageContentType.m */,
				D4DD3A991EA9A7DA002FEA89 /* SDImageCache.h */,
				D4DD3A9A1EA9A7DA002FEA89 /* SDImageCache.m */,
				D4DD3A9B1EA9A7DA002FEA89 /* SDWebImageCompat.h */,
				D4DD3A9C1EA9A7DA002FEA89 /* SDWebImageCompat.m */,
				D4DD3A9D1EA9A7DA002FEA89 /* SDWebImageDecoder.h */,
				D4DD3A9E1EA9A7DA002FEA89 /* SDWebImageDecoder.m */,
				D4DD3A9F1EA9A7DA002FEA89 /* SDWebImageDownloader.h */,
				D4DD3AA01EA9A7DA002FEA89 /* SDWebImageDownloader.m */,
				D4DD3AA11EA9A7DA002FEA89 /* SDWebImageDownloaderOperation.h */,
				D4DD3AA21EA9A7DA002FEA89 /* SDWebImageDownloaderOperation.m */,
				D4DD3AA31EA9A7DA002FEA89 /* SDWebImageManager.h */,
				D4DD3AA41EA9A7DA002FEA89 /* SDWebImageManager.m */,
				D4DD3AA51EA9A7DA002FEA89 /* SDWebImageOperation.h */,
				D4DD3AA61EA9A7DA002FEA89 /* SDWebImagePrefetcher.h */,
				D4DD3AA71EA9A7DA002FEA89 /* SDWebImagePrefetcher.m */,
				D4DD3AA81EA9A7DA002FEA89 /* UIButton+WebCache.h */,
				D4DD3AA91EA9A7DA002FEA89 /* UIButton+WebCache.m */,
				D4DD3AAA1EA9A7DA002FEA89 /* UIImage+GIF.h */,
				D4DD3AAB1EA9A7DA002FEA89 /* UIImage+GIF.m */,
				D4DD3AAC1EA9A7DA002FEA89 /* UIImage+MultiFormat.h */,
				D4DD3AAD1EA9A7DA002FEA89 /* UIImage+MultiFormat.m */,
				D4DD3AAE1EA9A7DA002FEA89 /* UIImage+WebP.h */,
				D4DD3AAF1EA9A7DA002FEA89 /* UIImage+WebP.m */,
				D4DD3AB01EA9A7DA002FEA89 /* UIImageView+HighlightedWebCache.h */,
				D4DD3AB11EA9A7DA002FEA89 /* UIImageView+HighlightedWebCache.m */,
				D4DD3AB21EA9A7DA002FEA89 /* UIImageView+WebCache.h */,
				D4DD3AB31EA9A7DA002FEA89 /* UIImageView+WebCache.m */,
				D4DD3AB41EA9A7DA002FEA89 /* UIView+WebCacheOperation.h */,
				D4DD3AB51EA9A7DA002FEA89 /* UIView+WebCacheOperation.m */,
			);
			path = SDWebImage;
			sourceTree = "<group>";
		};
		D4DD3AC61EA9A8B8002FEA89 /* AFNetworking */ = {
			isa = PBXGroup;
			children = (
				D4DD3AC71EA9A8B8002FEA89 /* AFNetworking */,
				D4DD3AD51EA9A8B8002FEA89 /* LICENSE */,
				D4DD3AD61EA9A8B8002FEA89 /* README.md */,
				D4DD3AD71EA9A8B8002FEA89 /* UIKit+AFNetworking */,
			);
			path = AFNetworking;
			sourceTree = "<group>";
		};
		D4DD3AC71EA9A8B8002FEA89 /* AFNetworking */ = {
			isa = PBXGroup;
			children = (
				D4DD3AC81EA9A8B8002FEA89 /* AFHTTPSessionManager.h */,
				D4DD3AC91EA9A8B8002FEA89 /* AFHTTPSessionManager.m */,
				D4DD3ACA1EA9A8B8002FEA89 /* AFNetworking.h */,
				D4DD3ACB1EA9A8B8002FEA89 /* AFNetworkReachabilityManager.h */,
				D4DD3ACC1EA9A8B8002FEA89 /* AFNetworkReachabilityManager.m */,
				D4DD3ACD1EA9A8B8002FEA89 /* AFSecurityPolicy.h */,
				D4DD3ACE1EA9A8B8002FEA89 /* AFSecurityPolicy.m */,
				D4DD3ACF1EA9A8B8002FEA89 /* AFURLRequestSerialization.h */,
				D4DD3AD01EA9A8B8002FEA89 /* AFURLRequestSerialization.m */,
				D4DD3AD11EA9A8B8002FEA89 /* AFURLResponseSerialization.h */,
				D4DD3AD21EA9A8B8002FEA89 /* AFURLResponseSerialization.m */,
				D4DD3AD31EA9A8B8002FEA89 /* AFURLSessionManager.h */,
				D4DD3AD41EA9A8B8002FEA89 /* AFURLSessionManager.m */,
			);
			path = AFNetworking;
			sourceTree = "<group>";
		};
		D4DD3AD71EA9A8B8002FEA89 /* UIKit+AFNetworking */ = {
			isa = PBXGroup;
			children = (
				D4DD3AD81EA9A8B8002FEA89 /* AFAutoPurgingImageCache.h */,
				D4DD3AD91EA9A8B8002FEA89 /* AFAutoPurgingImageCache.m */,
				D4DD3ADA1EA9A8B8002FEA89 /* AFImageDownloader.h */,
				D4DD3ADB1EA9A8B8002FEA89 /* AFImageDownloader.m */,
				D4DD3ADC1EA9A8B8002FEA89 /* AFNetworkActivityIndicatorManager.h */,
				D4DD3ADD1EA9A8B8002FEA89 /* AFNetworkActivityIndicatorManager.m */,
				D4DD3ADE1EA9A8B8002FEA89 /* UIActivityIndicatorView+AFNetworking.h */,
				D4DD3ADF1EA9A8B8002FEA89 /* UIActivityIndicatorView+AFNetworking.m */,
				D4DD3AE01EA9A8B8002FEA89 /* UIButton+AFNetworking.h */,
				D4DD3AE11EA9A8B8002FEA89 /* UIButton+AFNetworking.m */,
				D4DD3AE21EA9A8B8002FEA89 /* UIImage+AFNetworking.h */,
				D4DD3AE31EA9A8B8002FEA89 /* UIImageView+AFNetworking.h */,
				D4DD3AE41EA9A8B8002FEA89 /* UIImageView+AFNetworking.m */,
				D4DD3AE51EA9A8B8002FEA89 /* UIKit+AFNetworking.h */,
				D4DD3AE61EA9A8B8002FEA89 /* UIProgressView+AFNetworking.h */,
				D4DD3AE71EA9A8B8002FEA89 /* UIProgressView+AFNetworking.m */,
				D4DD3AE81EA9A8B8002FEA89 /* UIRefreshControl+AFNetworking.h */,
				D4DD3AE91EA9A8B8002FEA89 /* UIRefreshControl+AFNetworking.m */,
				D4DD3AEA1EA9A8B8002FEA89 /* UIWebView+AFNetworking.h */,
				D4DD3AEB1EA9A8B8002FEA89 /* UIWebView+AFNetworking.m */,
			);
			path = "UIKit+AFNetworking";
			sourceTree = "<group>";
		};
		D4EFD46E1EA4FFED006A9B97 /* CCZTableButton */ = {
			isa = PBXGroup;
			children = (
				D4EFD46F1EA50007006A9B97 /* CCZTableButton.h */,
				D4EFD4701EA50007006A9B97 /* CCZTableButton.m */,
			);
			name = CCZTableButton;
			sourceTree = "<group>";
		};
/* End PBXGroup section */

/* Begin PBXNativeTarget section */
		D4BC549C1EA480860053F89C /* 吉林科技馆 */ = {
			isa = PBXNativeTarget;
			buildConfigurationList = D4BC54CA1EA480860053F89C /* Build configuration list for PBXNativeTarget "吉林科技馆" */;
			buildPhases = (
				D4BC54991EA480860053F89C /* Sources */,
				D4BC549A1EA480860053F89C /* Frameworks */,
				D4BC549B1EA480860053F89C /* Resources */,
			);
			buildRules = (
			);
			dependencies = (
			);
			name = "吉林科技馆";
			productName = "吉林科技馆";
			productReference = D4BC549D1EA480860053F89C /* 吉林科技馆.app */;
			productType = "com.apple.product-type.application";
		};
		D4BC54B51EA480860053F89C /* 吉林科技馆Tests */ = {
			isa = PBXNativeTarget;
			buildConfigurationList = D4BC54CD1EA480860053F89C /* Build configuration list for PBXNativeTarget "吉林科技馆Tests" */;
			buildPhases = (
				D4BC54B21EA480860053F89C /* Sources */,
				D4BC54B31EA480860053F89C /* Frameworks */,
				D4BC54B41EA480860053F89C /* Resources */,
			);
			buildRules = (
			);
			dependencies = (
				D4BC54B81EA480860053F89C /* PBXTargetDependency */,
			);
			name = "吉林科技馆Tests";
			productName = "吉林科技馆Tests";
			productReference = D4BC54B61EA480860053F89C /* 吉林科技馆Tests.xctest */;
			productType = "com.apple.product-type.bundle.unit-test";
		};
		D4BC54C01EA480860053F89C /* 吉林科技馆UITests */ = {
			isa = PBXNativeTarget;
			buildConfigurationList = D4BC54D01EA480860053F89C /* Build configuration list for PBXNativeTarget "吉林科技馆UITests" */;
			buildPhases = (
				D4BC54BD1EA480860053F89C /* Sources */,
				D4BC54BE1EA480860053F89C /* Frameworks */,
				D4BC54BF1EA480860053F89C /* Resources */,
			);
			buildRules = (
			);
			dependencies = (
				D4BC54C31EA480860053F89C /* PBXTargetDependency */,
			);
			name = "吉林科技馆UITests";
			productName = "吉林科技馆UITests";
			productReference = D4BC54C11EA480860053F89C /* 吉林科技馆UITests.xctest */;
			productType = "com.apple.product-type.bundle.ui-testing";
		};
/* End PBXNativeTarget section */

/* Begin PBXProject section */
		D4BC54951EA480860053F89C /* Project object */ = {
			isa = PBXProject;
			attributes = {
				LastUpgradeCheck = 0820;
				ORGANIZATIONNAME = "常玉坤";
				TargetAttributes = {
					D4BC549C1EA480860053F89C = {
						CreatedOnToolsVersion = 8.2.1;
						DevelopmentTeam = HY2ZPBZ37C;
						ProvisioningStyle = Automatic;
					};
					D4BC54B51EA480860053F89C = {
						CreatedOnToolsVersion = 8.2.1;
						ProvisioningStyle = Automatic;
						TestTargetID = D4BC549C1EA480860053F89C;
					};
					D4BC54C01EA480860053F89C = {
						CreatedOnToolsVersion = 8.2.1;
						ProvisioningStyle = Automatic;
						TestTargetID = D4BC549C1EA480860053F89C;
					};
				};
			};
			buildConfigurationList = D4BC54981EA480860053F89C /* Build configuration list for PBXProject "吉林科技馆" */;
			compatibilityVersion = "Xcode 3.2";
			developmentRegion = English;
			hasScannedForEncodings = 0;
			knownRegions = (
				en,
				Base,
			);
			mainGroup = D4BC54941EA480860053F89C;
			productRefGroup = D4BC549E1EA480860053F89C /* Products */;
			projectDirPath = "";
			projectRoot = "";
			targets = (
				D4BC549C1EA480860053F89C /* 吉林科技馆 */,
				D4BC54B51EA480860053F89C /* 吉林科技馆Tests */,
				D4BC54C01EA480860053F89C /* 吉林科技馆UITests */,
			);
		};
/* End PBXProject section */

/* Begin PBXResourcesBuildPhase section */
		D4BC549B1EA480860053F89C /* Resources */ = {
			isa = PBXResourcesBuildPhase;
			buildActionMask = 2147483647;
			files = (
				D4BC55341EA4AD740053F89C /* IQKeyboardManager.bundle in Resources */,
				D4BB74B41EAF31AC0040D270 /* SCNavTabBar.bundle in Resources */,
				D4BC54B01EA480860053F89C /* LaunchScreen.storyboard in Resources */,
				D4BC54AD1EA480860053F89C /* Assets.xcassets in Resources */,
				D4DD3AF21EA9A8B8002FEA89 /* LICENSE in Resources */,
				D4BC54AB1EA480860053F89C /* Main.storyboard in Resources */,
				D4BC54F91EA486A70053F89C /* leftbackiamge.png in Resources */,
				D4C54B871EA7371300484CF3 /* MBProgressHUD.bundle in Resources */,
			);
			runOnlyForDeploymentPostprocessing = 0;
		};
		D4BC54B41EA480860053F89C /* Resources */ = {
			isa = PBXResourcesBuildPhase;
			buildActionMask = 2147483647;
			files = (
			);
			runOnlyForDeploymentPostprocessing = 0;
		};
		D4BC54BF1EA480860053F89C /* Resources */ = {
			isa = PBXResourcesBuildPhase;
			buildActionMask = 2147483647;
			files = (
			);
			runOnlyForDeploymentPostprocessing = 0;
		};
/* End PBXResourcesBuildPhase section */

/* Begin PBXSourcesBuildPhase section */
		D4BC54991EA480860053F89C /* Sources */ = {
			isa = PBXSourcesBuildPhase;
			buildActionMask = 2147483647;
			files = (
				D4C54B8B1EA73F1600484CF3 /* headerTableViewCell.m in Sources */,
				D4C54B941EA7597300484CF3 /* OrderViewController.m in Sources */,
				D4BC552C1EA4AD740053F89C /* IQKeyboardManager.m in Sources */,
				D4DD3ABD1EA9A7DA002FEA89 /* SDWebImageManager.m in Sources */,
				D4BC54A81EA480860053F89C /* ViewController.m in Sources */,
				D4BC552A1EA4AD740053F89C /* IQUIViewController+Additions.m in Sources */,
				D468FBE21EAD91430014DF9C /* KDCycleBannerView.m in Sources */,
				D4BB74B61EAF31AC0040D270 /* SCNavTabBar.m in Sources */,
				D4DD3AF71EA9A8B8002FEA89 /* UIActivityIndicatorView+AFNetworking.m in Sources */,
				D4BC55271EA4AD740053F89C /* IQUIScrollView+Additions.m in Sources */,
				D4DD3AC11EA9A7DA002FEA89 /* UIImage+MultiFormat.m in Sources */,
				D4BC54A51EA480860053F89C /* AppDelegate.m in Sources */,
				D4BB74B71EAF31AC0040D270 /* SCPopView.m in Sources */,
				D4DD3AF51EA9A8B8002FEA89 /* AFImageDownloader.m in Sources */,
				D4DD3AF41EA9A8B8002FEA89 /* AFAutoPurgingImageCache.m in Sources */,
				D468FBDF1EAD8F4F0014DF9C /* bannerTableViewCell.m in Sources */,
				D4DD3ABB1EA9A7DA002FEA89 /* SDWebImageDownloader.m in Sources */,
				D4DD3AEF1EA9A8B8002FEA89 /* AFURLRequestSerialization.m in Sources */,
				D4BC55301EA4AD740053F89C /* IQPreviousNextView.m in Sources */,
				D4DD3AC21EA9A7DA002FEA89 /* UIImage+WebP.m in Sources */,
				D4BC55281EA4AD740053F89C /* IQUITextFieldView+Additions.m in Sources */,
				D4DD3A8C1EA9A50A002FEA89 /* UIButton+LHButtonCategory.m in Sources */,
				D4DD3AF11EA9A8B8002FEA89 /* AFURLSessionManager.m in Sources */,
				D4C54B8E1EA742D200484CF3 /* walletTableViewCell.m in Sources */,
				D4BB74BA1EAF32260040D270 /* BaseBallViewController.m in Sources */,
				D4BC552F1EA4AD740053F89C /* IQBarButtonItem.m in Sources */,
				D468FBE51EAD99D80014DF9C /* firstTableViewCell.m in Sources */,
				D4DD3AC31EA9A7DA002FEA89 /* UIImageView+HighlightedWebCache.m in Sources */,
				D4DD3ABA1EA9A7DA002FEA89 /* SDWebImageDecoder.m in Sources */,
				D4DD3ABE1EA9A7DA002FEA89 /* SDWebImagePrefetcher.m in Sources */,
				D4BC54F11EA483F30053F89C /* ThirdViewController.m in Sources */,
				D4BC55311EA4AD740053F89C /* IQTitleBarButtonItem.m in Sources */,
				D4BB74B51EAF31AC0040D270 /* SCNavTabBarController.m in Sources */,
				D4BC54EE1EA483470053F89C /* secondViewController.m in Sources */,
				D468FBF11EADC3D00014DF9C /* newsTableViewCell.m in Sources */,
				D4195F6B1EA85496004A6302 /* backTableViewCell.m in Sources */,
				D4BC55291EA4AD740053F89C /* IQUIView+Hierarchy.m in Sources */,
				D4BC54A21EA480860053F89C /* main.m in Sources */,
				D4DD3AC01EA9A7DA002FEA89 /* UIImage+GIF.m in Sources */,
				D4DD3AF91EA9A8B8002FEA89 /* UIImageView+AFNetworking.m in Sources */,
				D4DD3AC41EA9A7DA002FEA89 /* UIImageView+WebCache.m in Sources */,
				D4C54B881EA7371300484CF3 /* MBProgressHUD.m in Sources */,
				D4DD3AFB1EA9A8B8002FEA89 /* UIRefreshControl+AFNetworking.m in Sources */,
				D4DD3AED1EA9A8B8002FEA89 /* AFNetworkReachabilityManager.m in Sources */,
				D4DD3AB81EA9A7DA002FEA89 /* SDImageCache.m in Sources */,
				D4BC54F71EA486540053F89C /* LeftSortsViewController.m in Sources */,
				D4BC54E51EA480C50053F89C /* UIView_extra.m in Sources */,
				D4DD3A931EA9A74A002FEA89 /* UILabel+LHLabelCategory.m in Sources */,
				D4BC552B1EA4AD740053F89C /* IQUIWindow+Hierarchy.m in Sources */,
				D4DD3ABC1EA9A7DA002FEA89 /* SDWebImageDownloaderOperation.m in Sources */,
				D4BC552D1EA4AD740053F89C /* IQKeyboardReturnKeyHandler.m in Sources */,
				D4DD3AF31EA9A8B8002FEA89 /* README.md in Sources */,
				D4BC54F41EA485020053F89C /* FourthViewController.m in Sources */,
				D4DD3AB91EA9A7DA002FEA89 /* SDWebImageCompat.m in Sources */,
				D4DD3AEC1EA9A8B8002FEA89 /* AFHTTPSessionManager.m in Sources */,
				D4DD3AFC1EA9A8B8002FEA89 /* UIWebView+AFNetworking.m in Sources */,
				D4BB74BD1EAF33CC0040D270 /* SegmentViewController.m in Sources */,
				D4DD3AB71EA9A7DA002FEA89 /* NSData+ImageContentType.m in Sources */,
				D4DD3AF61EA9A8B8002FEA89 /* AFNetworkActivityIndicatorManager.m in Sources */,
				D4C54B861EA7371300484CF3 /* MBProgressHUD+MJ.m in Sources */,
				D4DD3B0B1EA9E802002FEA89 /* Tools.m in Sources */,
				D4DD3AFA1EA9A8B8002FEA89 /* UIProgressView+AFNetworking.m in Sources */,
				D4DD3AF81EA9A8B8002FEA89 /* UIButton+AFNetworking.m in Sources */,
				D4BC54E81EA481280053F89C /* FirstViewController.m in Sources */,
				D4BC55331EA4AD740053F89C /* IQUIView+IQKeyboardToolbar.m in Sources */,
				D4DD3ABF1EA9A7DA002FEA89 /* UIButton+WebCache.m in Sources */,
				D468FBEA1EADBB250014DF9C /* secondCollectionViewCell.m in Sources */,
				D4BC552E1EA4AD740053F89C /* IQTextView.m in Sources */,
				D4DD3AF01EA9A8B8002FEA89 /* AFURLResponseSerialization.m in Sources */,
				D4EFD4711EA50007006A9B97 /* CCZTableButton.m in Sources */,
				D4BC54E21EA480C50053F89C /* LeftSlideViewController.m in Sources */,
				D4DD3AC51EA9A7DA002FEA89 /* UIView+WebCacheOperation.m in Sources */,
				D4DD3AEE1EA9A8B8002FEA89 /* AFSecurityPolicy.m in Sources */,
				D4DD3AB61EA9A7DA002FEA89 /* MKAnnotationView+WebCache.m in Sources */,
				D4BC55261EA4AD740053F89C /* IQNSArray+Sort.m in Sources */,
				D468FBEB1EADBB250014DF9C /* secondTableViewCell.m in Sources */,
				D4BC55321EA4AD740053F89C /* IQToolbar.m in Sources */,
			);
			runOnlyForDeploymentPostprocessing = 0;
		};
		D4BC54B21EA480860053F89C /* Sources */ = {
			isa = PBXSourcesBuildPhase;
			buildActionMask = 2147483647;
			files = (
				D4BC54BB1EA480860053F89C /* _____Tests.m in Sources */,
			);
			runOnlyForDeploymentPostprocessing = 0;
		};
		D4BC54BD1EA480860053F89C /* Sources */ = {
			isa = PBXSourcesBuildPhase;
			buildActionMask = 2147483647;
			files = (
				D4BC54C61EA480860053F89C /* _____UITests.m in Sources */,
			);
			runOnlyForDeploymentPostprocessing = 0;
		};
/* End PBXSourcesBuildPhase section */

/* Begin PBXTargetDependency section */
		D4BC54B81EA480860053F89C /* PBXTargetDependency */ = {
			isa = PBXTargetDependency;
			target = D4BC549C1EA480860053F89C /* 吉林科技馆 */;
			targetProxy = D4BC54B71EA480860053F89C /* PBXContainerItemProxy */;
		};
		D4BC54C31EA480860053F89C /* PBXTargetDependency */ = {
			isa = PBXTargetDependency;
			target = D4BC549C1EA480860053F89C /* 吉林科技馆 */;
			targetProxy = D4BC54C21EA480860053F89C /* PBXContainerItemProxy */;
		};
/* End PBXTargetDependency section */

/* Begin PBXVariantGroup section */
		D4BC54A91EA480860053F89C /* Main.storyboard */ = {
			isa = PBXVariantGroup;
			children = (
				D4BC54AA1EA480860053F89C /* Base */,
			);
			name = Main.storyboard;
			sourceTree = "<group>";
		};
		D4BC54AE1EA480860053F89C /* LaunchScreen.storyboard */ = {
			isa = PBXVariantGroup;
			children = (
				D4BC54AF1EA480860053F89C /* Base */,
			);
			name = LaunchScreen.storyboard;
			sourceTree = "<group>";
		};
/* End PBXVariantGroup section */

/* Begin XCBuildConfiguration section */
		D4BC54C81EA480860053F89C /* Debug */ = {
			isa = XCBuildConfiguration;
			buildSettings = {
				ALWAYS_SEARCH_USER_PATHS = NO;
				CLANG_ANALYZER_NONNULL = YES;
				CLANG_CXX_LANGUAGE_STANDARD = "gnu++0x";
				CLANG_CXX_LIBRARY = "libc++";
				CLANG_ENABLE_MODULES = YES;
				CLANG_ENABLE_OBJC_ARC = YES;
				CLANG_WARN_BOOL_CONVERSION = YES;
				CLANG_WARN_CONSTANT_CONVERSION = YES;
				CLANG_WARN_DIRECT_OBJC_ISA_USAGE = YES_ERROR;
				CLANG_WARN_DOCUMENTATION_COMMENTS = YES;
				CLANG_WARN_EMPTY_BODY = YES;
				CLANG_WARN_ENUM_CONVERSION = YES;
				CLANG_WARN_INFINITE_RECURSION = YES;
				CLANG_WARN_INT_CONVERSION = YES;
				CLANG_WARN_OBJC_ROOT_CLASS = YES_ERROR;
				CLANG_WARN_SUSPICIOUS_MOVE = YES;
				CLANG_WARN_UNREACHABLE_CODE = YES;
				CLANG_WARN__DUPLICATE_METHOD_MATCH = YES;
				"CODE_SIGN_IDENTITY[sdk=iphoneos*]" = "iPhone Developer";
				COPY_PHASE_STRIP = NO;
				DEBUG_INFORMATION_FORMAT = dwarf;
				ENABLE_STRICT_OBJC_MSGSEND = YES;
				ENABLE_TESTABILITY = YES;
				GCC_C_LANGUAGE_STANDARD = gnu99;
				GCC_DYNAMIC_NO_PIC = NO;
				GCC_NO_COMMON_BLOCKS = YES;
				GCC_OPTIMIZATION_LEVEL = 0;
				GCC_PREPROCESSOR_DEFINITIONS = (
					"DEBUG=1",
					"$(inherited)",
				);
				GCC_WARN_64_TO_32_BIT_CONVERSION = YES;
				GCC_WARN_ABOUT_RETURN_TYPE = YES_ERROR;
				GCC_WARN_UNDECLARED_SELECTOR = YES;
				GCC_WARN_UNINITIALIZED_AUTOS = YES_AGGRESSIVE;
				GCC_WARN_UNUSED_FUNCTION = YES;
				GCC_WARN_UNUSED_VARIABLE = YES;
				IPHONEOS_DEPLOYMENT_TARGET = 10.2;
				MTL_ENABLE_DEBUG_INFO = YES;
				ONLY_ACTIVE_ARCH = YES;
				SDKROOT = iphoneos;
				TARGETED_DEVICE_FAMILY = "1,2";
			};
			name = Debug;
		};
		D4BC54C91EA480860053F89C /* Release */ = {
			isa = XCBuildConfiguration;
			buildSettings = {
				ALWAYS_SEARCH_USER_PATHS = NO;
				CLANG_ANALYZER_NONNULL = YES;
				CLANG_CXX_LANGUAGE_STANDARD = "gnu++0x";
				CLANG_CXX_LIBRARY = "libc++";
				CLANG_ENABLE_MODULES = YES;
				CLANG_ENABLE_OBJC_ARC = YES;
				CLANG_WARN_BOOL_CONVERSION = YES;
				CLANG_WARN_CONSTANT_CONVERSION = YES;
				CLANG_WARN_DIRECT_OBJC_ISA_USAGE = YES_ERROR;
				CLANG_WARN_DOCUMENTATION_COMMENTS = YES;
				CLANG_WARN_EMPTY_BODY = YES;
				CLANG_WARN_ENUM_CONVERSION = YES;
				CLANG_WARN_INFINITE_RECURSION = YES;
				CLANG_WARN_INT_CONVERSION = YES;
				CLANG_WARN_OBJC_ROOT_CLASS = YES_ERROR;
				CLANG_WARN_SUSPICIOUS_MOVE = YES;
				CLANG_WARN_UNREACHABLE_CODE = YES;
				CLANG_WARN__DUPLICATE_METHOD_MATCH = YES;
				"CODE_SIGN_IDENTITY[sdk=iphoneos*]" = "iPhone Developer";
				COPY_PHASE_STRIP = NO;
				DEBUG_INFORMATION_FORMAT = "dwarf-with-dsym";
				ENABLE_NS_ASSERTIONS = NO;
				ENABLE_STRICT_OBJC_MSGSEND = YES;
				GCC_C_LANGUAGE_STANDARD = gnu99;
				GCC_NO_COMMON_BLOCKS = YES;
				GCC_WARN_64_TO_32_BIT_CONVERSION = YES;
				GCC_WARN_ABOUT_RETURN_TYPE = YES_ERROR;
				GCC_WARN_UNDECLARED_SELECTOR = YES;
				GCC_WARN_UNINITIALIZED_AUTOS = YES_AGGRESSIVE;
				GCC_WARN_UNUSED_FUNCTION = YES;
				GCC_WARN_UNUSED_VARIABLE = YES;
				IPHONEOS_DEPLOYMENT_TARGET = 10.2;
				MTL_ENABLE_DEBUG_INFO = NO;
				SDKROOT = iphoneos;
				TARGETED_DEVICE_FAMILY = "1,2";
				VALIDATE_PRODUCT = YES;
			};
			name = Release;
		};
		D4BC54CB1EA480860053F89C /* Debug */ = {
			isa = XCBuildConfiguration;
			buildSettings = {
				ASSETCATALOG_COMPILER_APPICON_NAME = AppIcon;
				DEVELOPMENT_TEAM = HY2ZPBZ37C;
				GCC_PREFIX_HEADER = "$(SRCROOT)/Global.pch";
				INFOPLIST_FILE = "吉林科技馆/Info.plist";
				IPHONEOS_DEPLOYMENT_TARGET = 10.2;
				LD_RUNPATH_SEARCH_PATHS = "$(inherited) @executable_path/Frameworks";
				PRODUCT_BUNDLE_IDENTIFIER = "com.chuanghui.-----";
				PRODUCT_NAME = "$(TARGET_NAME)";
			};
			name = Debug;
		};
		D4BC54CC1EA480860053F89C /* Release */ = {
			isa = XCBuildConfiguration;
			buildSettings = {
				ASSETCATALOG_COMPILER_APPICON_NAME = AppIcon;
				DEVELOPMENT_TEAM = HY2ZPBZ37C;
				GCC_PREFIX_HEADER = "$(SRCROOT)/Global.pch";
				INFOPLIST_FILE = "吉林科技馆/Info.plist";
				IPHONEOS_DEPLOYMENT_TARGET = 10.2;
				LD_RUNPATH_SEARCH_PATHS = "$(inherited) @executable_path/Frameworks";
				PRODUCT_BUNDLE_IDENTIFIER = "com.chuanghui.-----";
				PRODUCT_NAME = "$(TARGET_NAME)";
			};
			name = Release;
		};
		D4BC54CE1EA480860053F89C /* Debug */ = {
			isa = XCBuildConfiguration;
			buildSettings = {
				BUNDLE_LOADER = "$(TEST_HOST)";
				INFOPLIST_FILE = "吉林科技馆Tests/Info.plist";
				LD_RUNPATH_SEARCH_PATHS = "$(inherited) @executable_path/Frameworks @loader_path/Frameworks";
				PRODUCT_BUNDLE_IDENTIFIER = "com.chuanghui.-----Tests";
				PRODUCT_NAME = "$(TARGET_NAME)";
				TEST_HOST = "$(BUILT_PRODUCTS_DIR)/吉林科技馆.app/吉林科技馆";
			};
			name = Debug;
		};
		D4BC54CF1EA480860053F89C /* Release */ = {
			isa = XCBuildConfiguration;
			buildSettings = {
				BUNDLE_LOADER = "$(TEST_HOST)";
				INFOPLIST_FILE = "吉林科技馆Tests/Info.plist";
				LD_RUNPATH_SEARCH_PATHS = "$(inherited) @executable_path/Frameworks @loader_path/Frameworks";
				PRODUCT_BUNDLE_IDENTIFIER = "com.chuanghui.-----Tests";
				PRODUCT_NAME = "$(TARGET_NAME)";
				TEST_HOST = "$(BUILT_PRODUCTS_DIR)/吉林科技馆.app/吉林科技馆";
			};
			name = Release;
		};
		D4BC54D11EA480860053F89C /* Debug */ = {
			isa = XCBuildConfiguration;
			buildSettings = {
				INFOPLIST_FILE = "吉林科技馆UITests/Info.plist";
				LD_RUNPATH_SEARCH_PATHS = "$(inherited) @executable_path/Frameworks @loader_path/Frameworks";
				PRODUCT_BUNDLE_IDENTIFIER = "com.chuanghui.-----UITests";
				PRODUCT_NAME = "$(TARGET_NAME)";
				TEST_TARGET_NAME = "吉林科技馆";
			};
			name = Debug;
		};
		D4BC54D21EA480860053F89C /* Release */ = {
			isa = XCBuildConfiguration;
			buildSettings = {
				INFOPLIST_FILE = "吉林科技馆UITests/Info.plist";
				LD_RUNPATH_SEARCH_PATHS = "$(inherited) @executable_path/Frameworks @loader_path/Frameworks";
				PRODUCT_BUNDLE_IDENTIFIER = "com.chuanghui.-----UITests";
				PRODUCT_NAME = "$(TARGET_NAME)";
				TEST_TARGET_NAME = "吉林科技馆";
			};
			name = Release;
		};
/* End XCBuildConfiguration section */

/* Begin XCConfigurationList section */
		D4BC54981EA480860053F89C /* Build configuration list for PBXProject "吉林科技馆" */ = {
			isa = XCConfigurationList;
			buildConfigurations = (
				D4BC54C81EA480860053F89C /* Debug */,
				D4BC54C91EA480860053F89C /* Release */,
			);
			defaultConfigurationIsVisible = 0;
			defaultConfigurationName = Release;
		};
		D4BC54CA1EA480860053F89C /* Build configuration list for PBXNativeTarget "吉林科技馆" */ = {
			isa = XCConfigurationList;
			buildConfigurations = (
				D4BC54CB1EA480860053F89C /* Debug */,
				D4BC54CC1EA480860053F89C /* Release */,
			);
			defaultConfigurationIsVisible = 0;
			defaultConfigurationName = Release;
		};
		D4BC54CD1EA480860053F89C /* Build configuration list for PBXNativeTarget "吉林科技馆Tests" */ = {
			isa = XCConfigurationList;
			buildConfigurations = (
				D4BC54CE1EA480860053F89C /* Debug */,
				D4BC54CF1EA480860053F89C /* Release */,
			);
			defaultConfigurationIsVisible = 0;
			defaultConfigurationName = Release;
		};
		D4BC54D01EA480860053F89C /* Build configuration list for PBXNativeTarget "吉林科技馆UITests" */ = {
			isa = XCConfigurationList;
			buildConfigurations = (
				D4BC54D11EA480860053F89C /* Debug */,
				D4BC54D21EA480860053F89C /* Release */,
			);
			defaultConfigurationIsVisible = 0;
			defaultConfigurationName = Release;
		};
/* End XCConfigurationList section */
	};
	rootObject = D4BC54951EA480860053F89C /* Project object */;
}
